
Microsoft Visual Studio Solution File, Format Version 12.00
# Visual Studio Version 17
VisualStudioVersion = 17.3.32611.2
MinimumVisualStudioVersion = 10.0.40219.1
Project("{9A19103F-16F7-4668-BE54-9A1E7A4F7556}") = "RuichenShuxin.AbpPro.Domain", "services\RuichenShuxin.AbpPro.Domain\RuichenShuxin.AbpPro.Domain.csproj", "{554AD327-6DBA-4F8F-96F8-81CE7A0C863F}"
EndProject
Project("{9A19103F-16F7-4668-BE54-9A1E7A4F7556}") = "RuichenShuxin.AbpPro.Application", "services\RuichenShuxin.AbpPro.Application\RuichenShuxin.AbpPro.Application.csproj", "{1A94A50E-06DC-43C1-80B5-B662820EC3EB}"
EndProject
Project("{9A19103F-16F7-4668-BE54-9A1E7A4F7556}") = "RuichenShuxin.AbpPro.EntityFrameworkCore", "services\RuichenShuxin.AbpPro.EntityFrameworkCore\RuichenShuxin.AbpPro.EntityFrameworkCore.csproj", "{C956DD76-69C8-4A9C-83EA-D17DF83340FD}"
EndProject
Project("{2150E333-8FDC-42A3-9474-1A3956D46DE8}") = "services", "services", "{CA9AC87F-097E-4F15-8393-4BC07735A5B0}"
EndProject
Project("{9A19103F-16F7-4668-BE54-9A1E7A4F7556}") = "RuichenShuxin.AbpPro.Domain.Shared", "services\RuichenShuxin.AbpPro.Domain.Shared\RuichenShuxin.AbpPro.Domain.Shared.csproj", "{42F719ED-8413-4895-B5B4-5AB56079BC66}"
EndProject
Project("{9A19103F-16F7-4668-BE54-9A1E7A4F7556}") = "RuichenShuxin.AbpPro.Application.Contracts", "services\RuichenShuxin.AbpPro.Application.Contracts\RuichenShuxin.AbpPro.Application.Contracts.csproj", "{520659C8-C734-4298-A3DA-B539DB9DFC0B}"
EndProject
Project("{9A19103F-16F7-4668-BE54-9A1E7A4F7556}") = "RuichenShuxin.AbpPro.HttpApi", "services\RuichenShuxin.AbpPro.HttpApi\RuichenShuxin.AbpPro.HttpApi.csproj", "{4164BDF7-F527-4E85-9CE6-E3C2D7426A27}"
EndProject
Project("{9A19103F-16F7-4668-BE54-9A1E7A4F7556}") = "RuichenShuxin.AbpPro.HttpApi.Client", "services\RuichenShuxin.AbpPro.HttpApi.Client\RuichenShuxin.AbpPro.HttpApi.Client.csproj", "{3B5A0094-670D-4BB1-BFDD-61B88A8773DC}"
EndProject
Project("{9A19103F-16F7-4668-BE54-9A1E7A4F7556}") = "RuichenShuxin.AbpPro.DbMigrator", "services\RuichenShuxin.AbpPro.DbMigrator\RuichenShuxin.AbpPro.DbMigrator.csproj", "{70680696-BB1E-4383-BCB2-42C3767171FB}"
EndProject
Project("{9A19103F-16F7-4668-BE54-9A1E7A4F7556}") = "RuichenShuxin.AbpPro.HttpApi.Host", "services\RuichenShuxin.AbpPro.HttpApi.Host\RuichenShuxin.AbpPro.HttpApi.Host.csproj", "{96E5259E-59A3-4FAF-BCD1-5BF8E74EF82C}"
EndProject
Project("{2150E333-8FDC-42A3-9474-1A3956D46DE8}") = "frameworks", "frameworks", "{B91A47D2-C263-5038-41EB-7F1393D47ED0}"
EndProject
Project("{FAE04EC0-301F-11D3-BF4B-00C04F79EFBC}") = "RuichenShuxin.AbpPro.CAP", "frameworks\cap\RuichenShuxin.AbpPro.CAP\RuichenShuxin.AbpPro.CAP.csproj", "{A68818F5-9204-4DFF-A7D3-29E540F71D17}"
EndProject
Project("{FAE04EC0-301F-11D3-BF4B-00C04F79EFBC}") = "RuichenShuxin.AbpPro.Cli", "frameworks\cli\RuichenShuxin.AbpPro.Cli\RuichenShuxin.AbpPro.Cli.csproj", "{21AF84A5-1BD1-4954-9164-F800A125FAAB}"
EndProject
Project("{FAE04EC0-301F-11D3-BF4B-00C04F79EFBC}") = "RuichenShuxin.AbpPro.Cli.Core", "frameworks\cli\RuichenShuxin.AbpPro.Cli.Core\RuichenShuxin.AbpPro.Cli.Core.csproj", "{6AE434E8-4627-4425-9512-6679171C0AFD}"
EndProject
Project("{FAE04EC0-301F-11D3-BF4B-00C04F79EFBC}") = "RuichenShuxin.AbpPro.Core", "frameworks\core\RuichenShuxin.AbpPro.Core\RuichenShuxin.AbpPro.Core.csproj", "{7E4D2CE3-7AD6-46A3-B8A5-35911E04C1E3}"
EndProject
Project("{FAE04EC0-301F-11D3-BF4B-00C04F79EFBC}") = "RuichenShuxin.AbpPro.OAuth", "frameworks\oauth\RuichenShuxin.AbpPro.OAuth\RuichenShuxin.AbpPro.OAuth.csproj", "{E24B8222-DA6B-42BC-80D9-797FAC05C2EA}"
EndProject
Project("{2150E333-8FDC-42A3-9474-1A3956D46DE8}") = "modules", "modules", "{02EA681E-C7D8-13C7-8484-4AC65E1B71E8}"
EndProject
Project("{2150E333-8FDC-42A3-9474-1A3956D46DE8}") = "notification", "notification", "{6049D5CE-E272-4D01-A28C-3CEFF7D318A6}"
EndProject
Project("{FAE04EC0-301F-11D3-BF4B-00C04F79EFBC}") = "RuichenShuxin.AbpPro.Notification.Application", "modules\notification\RuichenShuxin.AbpPro.Notification.Application\RuichenShuxin.AbpPro.Notification.Application.csproj", "{0CC442CD-A4AC-14B0-3F1E-E560ADD7BF0F}"
EndProject
Project("{FAE04EC0-301F-11D3-BF4B-00C04F79EFBC}") = "RuichenShuxin.AbpPro.Notification.Application.Contracts", "modules\notification\RuichenShuxin.AbpPro.Notification.Application.Contracts\RuichenShuxin.AbpPro.Notification.Application.Contracts.csproj", "{397C3258-C72F-AC0F-386C-2641CC1CC02C}"
EndProject
Project("{FAE04EC0-301F-11D3-BF4B-00C04F79EFBC}") = "RuichenShuxin.AbpPro.Notification.Domain", "modules\notification\RuichenShuxin.AbpPro.Notification.Domain\RuichenShuxin.AbpPro.Notification.Domain.csproj", "{B530F793-3201-8B46-B934-308834BAA2F8}"
EndProject
Project("{FAE04EC0-301F-11D3-BF4B-00C04F79EFBC}") = "RuichenShuxin.AbpPro.Notification.Domain.Shared", "modules\notification\RuichenShuxin.AbpPro.Notification.Domain.Shared\RuichenShuxin.AbpPro.Notification.Domain.Shared.csproj", "{CADD05CF-433E-E924-FB39-BD57B0E52272}"
EndProject
Project("{FAE04EC0-301F-11D3-BF4B-00C04F79EFBC}") = "RuichenShuxin.AbpPro.Notification.EntityFrameworkCore", "modules\notification\RuichenShuxin.AbpPro.Notification.EntityFrameworkCore\RuichenShuxin.AbpPro.Notification.EntityFrameworkCore.csproj", "{5198D6CF-58FF-9762-5B8B-461D453B97B9}"
EndProject
Project("{FAE04EC0-301F-11D3-BF4B-00C04F79EFBC}") = "RuichenShuxin.AbpPro.Notification.HttpApi", "modules\notification\RuichenShuxin.AbpPro.Notification.HttpApi\RuichenShuxin.AbpPro.Notification.HttpApi.csproj", "{2F858A05-0622-C3C5-B8FB-5AF0B0EF1DDB}"
EndProject
Project("{FAE04EC0-301F-11D3-BF4B-00C04F79EFBC}") = "RuichenShuxin.AbpPro.Notification.HttpApi.Client", "modules\notification\RuichenShuxin.AbpPro.Notification.HttpApi.Client\RuichenShuxin.AbpPro.Notification.HttpApi.Client.csproj", "{262F71BF-AEB6-F9C2-CD27-B39374A7C412}"
EndProject
Project("{2150E333-8FDC-42A3-9474-1A3956D46DE8}") = "platform", "platform", "{476F5648-7AB8-4BA5-8E0C-A8F20E3569AF}"
EndProject
Project("{FAE04EC0-301F-11D3-BF4B-00C04F79EFBC}") = "RuichenShuxin.AbpPro.Platform.Application", "modules\platform\RuichenShuxin.AbpPro.Platform.Application\RuichenShuxin.AbpPro.Platform.Application.csproj", "{2B43B909-4202-E15E-F28E-53C6ED2E4696}"
EndProject
Project("{FAE04EC0-301F-11D3-BF4B-00C04F79EFBC}") = "RuichenShuxin.AbpPro.Platform.Application.Contracts", "modules\platform\RuichenShuxin.AbpPro.Platform.Application.Contracts\RuichenShuxin.AbpPro.Platform.Application.Contracts.csproj", "{8D0754C2-9CA4-EF79-D5B7-54785592F1EF}"
EndProject
Project("{FAE04EC0-301F-11D3-BF4B-00C04F79EFBC}") = "RuichenShuxin.AbpPro.Platform.Domain", "modules\platform\RuichenShuxin.AbpPro.Platform.Domain\RuichenShuxin.AbpPro.Platform.Domain.csproj", "{53FA6665-8D85-2BFC-4A2F-DD07AE4E06FD}"
EndProject
Project("{FAE04EC0-301F-11D3-BF4B-00C04F79EFBC}") = "RuichenShuxin.AbpPro.Platform.Domain.Shared", "modules\platform\RuichenShuxin.AbpPro.Platform.Domain.Shared\RuichenShuxin.AbpPro.Platform.Domain.Shared.csproj", "{9816CFC8-D0FE-76EC-2069-D388CB005196}"
EndProject
Project("{FAE04EC0-301F-11D3-BF4B-00C04F79EFBC}") = "RuichenShuxin.AbpPro.Platform.EntityFrameworkCore", "modules\platform\RuichenShuxin.AbpPro.Platform.EntityFrameworkCore\RuichenShuxin.AbpPro.Platform.EntityFrameworkCore.csproj", "{D852C12A-A741-A693-7513-6DD739C7E86B}"
EndProject
Project("{FAE04EC0-301F-11D3-BF4B-00C04F79EFBC}") = "RuichenShuxin.AbpPro.Platform.HttpApi", "modules\platform\RuichenShuxin.AbpPro.Platform.HttpApi\RuichenShuxin.AbpPro.Platform.HttpApi.csproj", "{AE512FA1-F958-2CF6-B15E-322064CDC3EE}"
EndProject
Project("{FAE04EC0-301F-11D3-BF4B-00C04F79EFBC}") = "RuichenShuxin.AbpPro.Platform.HttpApi.Client", "modules\platform\RuichenShuxin.AbpPro.Platform.HttpApi.Client\RuichenShuxin.AbpPro.Platform.HttpApi.Client.csproj", "{A1302878-1EBB-CBC1-DF06-E504CCA3D4BB}"
EndProject
Project("{2150E333-8FDC-42A3-9474-1A3956D46DE8}") = "storage", "storage", "{BC058ECD-361C-4F40-BAA7-B2CD14101B3A}"
EndProject
Project("{FAE04EC0-301F-11D3-BF4B-00C04F79EFBC}") = "RuichenShuxin.AbpPro.Storage.Application", "modules\storage\RuichenShuxin.AbpPro.Storage.Application\RuichenShuxin.AbpPro.Storage.Application.csproj", "{CC903F57-EC01-068A-3387-1C639FA225BF}"
EndProject
Project("{FAE04EC0-301F-11D3-BF4B-00C04F79EFBC}") = "RuichenShuxin.AbpPro.Storage.Application.Contracts", "modules\storage\RuichenShuxin.AbpPro.Storage.Application.Contracts\RuichenShuxin.AbpPro.Storage.Application.Contracts.csproj", "{F193EA3E-B6F4-D847-4705-A2368DF768C5}"
EndProject
Project("{FAE04EC0-301F-11D3-BF4B-00C04F79EFBC}") = "RuichenShuxin.AbpPro.Storage.Domain", "modules\storage\RuichenShuxin.AbpPro.Storage.Domain\RuichenShuxin.AbpPro.Storage.Domain.csproj", "{3E09CC44-9844-0958-E80E-8C9D0855672A}"
EndProject
Project("{FAE04EC0-301F-11D3-BF4B-00C04F79EFBC}") = "RuichenShuxin.AbpPro.Storage.Domain.Shared", "modules\storage\RuichenShuxin.AbpPro.Storage.Domain.Shared\RuichenShuxin.AbpPro.Storage.Domain.Shared.csproj", "{6631FE80-69DA-3D28-224D-C558D679904F}"
EndProject
Project("{FAE04EC0-301F-11D3-BF4B-00C04F79EFBC}") = "RuichenShuxin.AbpPro.Storage.EntityFrameworkCore", "modules\storage\RuichenShuxin.AbpPro.Storage.EntityFrameworkCore\RuichenShuxin.AbpPro.Storage.EntityFrameworkCore.csproj", "{DAF1125A-FFDA-BBB6-426E-49F51237C8F2}"
EndProject
Project("{FAE04EC0-301F-11D3-BF4B-00C04F79EFBC}") = "RuichenShuxin.AbpPro.Storage.HttpApi", "modules\storage\RuichenShuxin.AbpPro.Storage.HttpApi\RuichenShuxin.AbpPro.Storage.HttpApi.csproj", "{AE7B93E8-E673-87EC-065E-E4067648344C}"
EndProject
Project("{FAE04EC0-301F-11D3-BF4B-00C04F79EFBC}") = "RuichenShuxin.AbpPro.Storage.HttpApi.Client", "modules\storage\RuichenShuxin.AbpPro.Storage.HttpApi.Client\RuichenShuxin.AbpPro.Storage.HttpApi.Client.csproj", "{F83A5AEC-03B9-3A5D-6B14-E18BC97D65F6}"
EndProject
Project("{2150E333-8FDC-42A3-9474-1A3956D46DE8}") = "0 Solution Items", "0 Solution Items", "{59394EA1-3C53-4BF3-A602-50136B35AD43}"
	ProjectSection(SolutionItems) = preProject
		..\Directory.Build.Other.props = ..\Directory.Build.Other.props
		..\Directory.Build.targets = ..\Directory.Build.targets
		..\Directory.Build.Volo.props = ..\Directory.Build.Volo.props
		..\NuGet.Config = ..\NuGet.Config
		..\README.md = ..\README.md
	EndProjectSection
EndProject
Project("{2150E333-8FDC-42A3-9474-1A3956D46DE8}") = "cli", "cli", "{A6F3C76B-E980-443C-84DC-71DA36DF8E2C}"
EndProject
Project("{2150E333-8FDC-42A3-9474-1A3956D46DE8}") = "cap", "cap", "{2D636F2C-B7F2-4EBC-BF4C-FBD6FE53A82A}"
EndProject
Project("{2150E333-8FDC-42A3-9474-1A3956D46DE8}") = "core", "core", "{D247288C-5ADC-44EA-B730-A70FAEC79EE3}"
EndProject
Project("{2150E333-8FDC-42A3-9474-1A3956D46DE8}") = "oauth", "oauth", "{F7A92F71-E4A8-4A0F-AE32-A60B6869E6FD}"
EndProject
Project("{2150E333-8FDC-42A3-9474-1A3956D46DE8}") = "wrapper", "wrapper", "{511F3DE4-9A2A-4706-9E84-119D8093126F}"
EndProject
Project("{FAE04EC0-301F-11D3-BF4B-00C04F79EFBC}") = "RuichenShuxin.AbpPro.Wrapper", "frameworks\wrapper\RuichenShuxin.AbpPro.Wrapper\RuichenShuxin.AbpPro.Wrapper.csproj", "{44D18B4E-0FC1-4D26-B545-7994B3E31FD1}"
EndProject
Project("{FAE04EC0-301F-11D3-BF4B-00C04F79EFBC}") = "RuichenShuxin.AbpPro.AspNetCore.Wrapper", "frameworks\wrapper\RuichenShuxin.AbpPro.AspNetCore.Wrapper\RuichenShuxin.AbpPro.AspNetCore.Wrapper.csproj", "{A5B77B75-A325-4305-BEB7-396C643A0E9A}"
EndProject
Project("{FAE04EC0-301F-11D3-BF4B-00C04F79EFBC}") = "RuichenShuxin.AbpPro.AspNetCore.Mvc.Wrapper", "frameworks\wrapper\RuichenShuxin.AbpPro.AspNetCore.Mvc.Wrapper\RuichenShuxin.AbpPro.AspNetCore.Mvc.Wrapper.csproj", "{FB30B6D3-F243-46BD-AE2B-41D4D1381A5C}"
EndProject
Project("{2150E333-8FDC-42A3-9474-1A3956D46DE8}") = "authorization", "authorization", "{FFC94C75-3062-4252-B022-C26DB92A938A}"
EndProject
Project("{FAE04EC0-301F-11D3-BF4B-00C04F79EFBC}") = "RuichenShuxin.AbpPro.Authorization.OrganizationUnits", "frameworks\authorization\RuichenShuxin.AbpPro.Authorization.OrganizationUnits\RuichenShuxin.AbpPro.Authorization.OrganizationUnits.csproj", "{09F50D99-84F1-4492-A3EA-E815A46DF22F}"
EndProject
Project("{2150E333-8FDC-42A3-9474-1A3956D46DE8}") = "data-protection", "data-protection", "{E8BFE651-C056-42C8-88A7-5D9616779E64}"
EndProject
Project("{FAE04EC0-301F-11D3-BF4B-00C04F79EFBC}") = "RuichenShuxin.AbpPro.DataProtectionManagement.Application", "modules\data-protection\RuichenShuxin.AbpPro.DataProtectionManagement.Application\RuichenShuxin.AbpPro.DataProtectionManagement.Application.csproj", "{CFB25FA1-F8C6-A7C0-D85F-C172F7F0ED76}"
EndProject
Project("{FAE04EC0-301F-11D3-BF4B-00C04F79EFBC}") = "RuichenShuxin.AbpPro.DataProtectionManagement.Application.Contracts", "modules\data-protection\RuichenShuxin.AbpPro.DataProtectionManagement.Application.Contracts\RuichenShuxin.AbpPro.DataProtectionManagement.Application.Contracts.csproj", "{15D76CF9-BD96-DB88-E33C-891DCA1BDC62}"
EndProject
Project("{FAE04EC0-301F-11D3-BF4B-00C04F79EFBC}") = "RuichenShuxin.AbpPro.DataProtectionManagement.Domain", "modules\data-protection\RuichenShuxin.AbpPro.DataProtectionManagement.Domain\RuichenShuxin.AbpPro.DataProtectionManagement.Domain.csproj", "{FBEDEEB2-1EE4-4E68-7690-FB526FDBE487}"
EndProject
Project("{FAE04EC0-301F-11D3-BF4B-00C04F79EFBC}") = "RuichenShuxin.AbpPro.DataProtectionManagement.Domain.Shared", "modules\data-protection\RuichenShuxin.AbpPro.DataProtectionManagement.Domain.Shared\RuichenShuxin.AbpPro.DataProtectionManagement.Domain.Shared.csproj", "{2C1047D6-E9EC-4F2F-3A5F-B0E73EC4EE0B}"
EndProject
Project("{FAE04EC0-301F-11D3-BF4B-00C04F79EFBC}") = "RuichenShuxin.AbpPro.DataProtectionManagement.EntityFrameworkCore", "modules\data-protection\RuichenShuxin.AbpPro.DataProtectionManagement.EntityFrameworkCore\RuichenShuxin.AbpPro.DataProtectionManagement.EntityFrameworkCore.csproj", "{5CC2ADFB-7FA0-1781-22B9-4E1BCA828523}"
EndProject
Project("{FAE04EC0-301F-11D3-BF4B-00C04F79EFBC}") = "RuichenShuxin.AbpPro.DataProtectionManagement.HttpApi", "modules\data-protection\RuichenShuxin.AbpPro.DataProtectionManagement.HttpApi\RuichenShuxin.AbpPro.DataProtectionManagement.HttpApi.csproj", "{DD5488FA-E714-4C81-D56C-89618771D176}"
EndProject
Project("{FAE04EC0-301F-11D3-BF4B-00C04F79EFBC}") = "RuichenShuxin.AbpPro.DataProtectionManagement.HttpApi.Client", "modules\data-protection\RuichenShuxin.AbpPro.DataProtectionManagement.HttpApi.Client\RuichenShuxin.AbpPro.DataProtectionManagement.HttpApi.Client.csproj", "{640443C9-4EB1-12D2-A3B5-47B48AABDEBB}"
EndProject
Project("{2150E333-8FDC-42A3-9474-1A3956D46DE8}") = "data-protection", "data-protection", "{6AF92135-EC6A-4A1C-82CD-24490275CF27}"
EndProject
Project("{FAE04EC0-301F-11D3-BF4B-00C04F79EFBC}") = "RuichenShuxin.AbpPro.DataProtection", "frameworks\data-protection\RuichenShuxin.AbpPro.DataProtection\RuichenShuxin.AbpPro.DataProtection.csproj", "{5484DC8D-A49C-4427-B7EB-0676CC8F15D0}"
EndProject
Project("{FAE04EC0-301F-11D3-BF4B-00C04F79EFBC}") = "RuichenShuxin.AbpPro.DataProtection.Abstractions", "frameworks\data-protection\RuichenShuxin.AbpPro.DataProtection.Abstractions\RuichenShuxin.AbpPro.DataProtection.Abstractions.csproj", "{8533A148-8FBC-45D4-B2A9-363BF4482870}"
EndProject
Project("{FAE04EC0-301F-11D3-BF4B-00C04F79EFBC}") = "RuichenShuxin.AbpPro.DataProtection.EntityFrameworkCore", "frameworks\data-protection\RuichenShuxin.AbpPro.DataProtection.EntityFrameworkCore\RuichenShuxin.AbpPro.DataProtection.EntityFrameworkCore.csproj", "{DE698C5B-1A0D-4572-B759-F346BEE662DD}"
EndProject
Global
	GlobalSection(SolutionConfigurationPlatforms) = preSolution
		Debug|Any CPU = Debug|Any CPU
		Debug|x64 = Debug|x64
		Debug|x86 = Debug|x86
		Release|Any CPU = Release|Any CPU
		Release|x64 = Release|x64
		Release|x86 = Release|x86
	EndGlobalSection
	GlobalSection(ProjectConfigurationPlatforms) = postSolution
		{554AD327-6DBA-4F8F-96F8-81CE7A0C863F}.Debug|Any CPU.ActiveCfg = Debug|Any CPU
		{554AD327-6DBA-4F8F-96F8-81CE7A0C863F}.Debug|Any CPU.Build.0 = Debug|Any CPU
		{554AD327-6DBA-4F8F-96F8-81CE7A0C863F}.Debug|x64.ActiveCfg = Debug|Any CPU
		{554AD327-6DBA-4F8F-96F8-81CE7A0C863F}.Debug|x64.Build.0 = Debug|Any CPU
		{554AD327-6DBA-4F8F-96F8-81CE7A0C863F}.Debug|x86.ActiveCfg = Debug|Any CPU
		{554AD327-6DBA-4F8F-96F8-81CE7A0C863F}.Debug|x86.Build.0 = Debug|Any CPU
		{554AD327-6DBA-4F8F-96F8-81CE7A0C863F}.Release|Any CPU.ActiveCfg = Release|Any CPU
		{554AD327-6DBA-4F8F-96F8-81CE7A0C863F}.Release|Any CPU.Build.0 = Release|Any CPU
		{554AD327-6DBA-4F8F-96F8-81CE7A0C863F}.Release|x64.ActiveCfg = Release|Any CPU
		{554AD327-6DBA-4F8F-96F8-81CE7A0C863F}.Release|x64.Build.0 = Release|Any CPU
		{554AD327-6DBA-4F8F-96F8-81CE7A0C863F}.Release|x86.ActiveCfg = Release|Any CPU
		{554AD327-6DBA-4F8F-96F8-81CE7A0C863F}.Release|x86.Build.0 = Release|Any CPU
		{1A94A50E-06DC-43C1-80B5-B662820EC3EB}.Debug|Any CPU.ActiveCfg = Debug|Any CPU
		{1A94A50E-06DC-43C1-80B5-B662820EC3EB}.Debug|Any CPU.Build.0 = Debug|Any CPU
		{1A94A50E-06DC-43C1-80B5-B662820EC3EB}.Debug|x64.ActiveCfg = Debug|Any CPU
		{1A94A50E-06DC-43C1-80B5-B662820EC3EB}.Debug|x64.Build.0 = Debug|Any CPU
		{1A94A50E-06DC-43C1-80B5-B662820EC3EB}.Debug|x86.ActiveCfg = Debug|Any CPU
		{1A94A50E-06DC-43C1-80B5-B662820EC3EB}.Debug|x86.Build.0 = Debug|Any CPU
		{1A94A50E-06DC-43C1-80B5-B662820EC3EB}.Release|Any CPU.ActiveCfg = Release|Any CPU
		{1A94A50E-06DC-43C1-80B5-B662820EC3EB}.Release|Any CPU.Build.0 = Release|Any CPU
		{1A94A50E-06DC-43C1-80B5-B662820EC3EB}.Release|x64.ActiveCfg = Release|Any CPU
		{1A94A50E-06DC-43C1-80B5-B662820EC3EB}.Release|x64.Build.0 = Release|Any CPU
		{1A94A50E-06DC-43C1-80B5-B662820EC3EB}.Release|x86.ActiveCfg = Release|Any CPU
		{1A94A50E-06DC-43C1-80B5-B662820EC3EB}.Release|x86.Build.0 = Release|Any CPU
		{C956DD76-69C8-4A9C-83EA-D17DF83340FD}.Debug|Any CPU.ActiveCfg = Debug|Any CPU
		{C956DD76-69C8-4A9C-83EA-D17DF83340FD}.Debug|Any CPU.Build.0 = Debug|Any CPU
		{C956DD76-69C8-4A9C-83EA-D17DF83340FD}.Debug|x64.ActiveCfg = Debug|Any CPU
		{C956DD76-69C8-4A9C-83EA-D17DF83340FD}.Debug|x64.Build.0 = Debug|Any CPU
		{C956DD76-69C8-4A9C-83EA-D17DF83340FD}.Debug|x86.ActiveCfg = Debug|Any CPU
		{C956DD76-69C8-4A9C-83EA-D17DF83340FD}.Debug|x86.Build.0 = Debug|Any CPU
		{C956DD76-69C8-4A9C-83EA-D17DF83340FD}.Release|Any CPU.ActiveCfg = Release|Any CPU
		{C956DD76-69C8-4A9C-83EA-D17DF83340FD}.Release|Any CPU.Build.0 = Release|Any CPU
		{C956DD76-69C8-4A9C-83EA-D17DF83340FD}.Release|x64.ActiveCfg = Release|Any CPU
		{C956DD76-69C8-4A9C-83EA-D17DF83340FD}.Release|x64.Build.0 = Release|Any CPU
		{C956DD76-69C8-4A9C-83EA-D17DF83340FD}.Release|x86.ActiveCfg = Release|Any CPU
		{C956DD76-69C8-4A9C-83EA-D17DF83340FD}.Release|x86.Build.0 = Release|Any CPU
		{42F719ED-8413-4895-B5B4-5AB56079BC66}.Debug|Any CPU.ActiveCfg = Debug|Any CPU
		{42F719ED-8413-4895-B5B4-5AB56079BC66}.Debug|Any CPU.Build.0 = Debug|Any CPU
		{42F719ED-8413-4895-B5B4-5AB56079BC66}.Debug|x64.ActiveCfg = Debug|Any CPU
		{42F719ED-8413-4895-B5B4-5AB56079BC66}.Debug|x64.Build.0 = Debug|Any CPU
		{42F719ED-8413-4895-B5B4-5AB56079BC66}.Debug|x86.ActiveCfg = Debug|Any CPU
		{42F719ED-8413-4895-B5B4-5AB56079BC66}.Debug|x86.Build.0 = Debug|Any CPU
		{42F719ED-8413-4895-B5B4-5AB56079BC66}.Release|Any CPU.ActiveCfg = Release|Any CPU
		{42F719ED-8413-4895-B5B4-5AB56079BC66}.Release|Any CPU.Build.0 = Release|Any CPU
		{42F719ED-8413-4895-B5B4-5AB56079BC66}.Release|x64.ActiveCfg = Release|Any CPU
		{42F719ED-8413-4895-B5B4-5AB56079BC66}.Release|x64.Build.0 = Release|Any CPU
		{42F719ED-8413-4895-B5B4-5AB56079BC66}.Release|x86.ActiveCfg = Release|Any CPU
		{42F719ED-8413-4895-B5B4-5AB56079BC66}.Release|x86.Build.0 = Release|Any CPU
		{520659C8-C734-4298-A3DA-B539DB9DFC0B}.Debug|Any CPU.ActiveCfg = Debug|Any CPU
		{520659C8-C734-4298-A3DA-B539DB9DFC0B}.Debug|Any CPU.Build.0 = Debug|Any CPU
		{520659C8-C734-4298-A3DA-B539DB9DFC0B}.Debug|x64.ActiveCfg = Debug|Any CPU
		{520659C8-C734-4298-A3DA-B539DB9DFC0B}.Debug|x64.Build.0 = Debug|Any CPU
		{520659C8-C734-4298-A3DA-B539DB9DFC0B}.Debug|x86.ActiveCfg = Debug|Any CPU
		{520659C8-C734-4298-A3DA-B539DB9DFC0B}.Debug|x86.Build.0 = Debug|Any CPU
		{520659C8-C734-4298-A3DA-B539DB9DFC0B}.Release|Any CPU.ActiveCfg = Release|Any CPU
		{520659C8-C734-4298-A3DA-B539DB9DFC0B}.Release|Any CPU.Build.0 = Release|Any CPU
		{520659C8-C734-4298-A3DA-B539DB9DFC0B}.Release|x64.ActiveCfg = Release|Any CPU
		{520659C8-C734-4298-A3DA-B539DB9DFC0B}.Release|x64.Build.0 = Release|Any CPU
		{520659C8-C734-4298-A3DA-B539DB9DFC0B}.Release|x86.ActiveCfg = Release|Any CPU
		{520659C8-C734-4298-A3DA-B539DB9DFC0B}.Release|x86.Build.0 = Release|Any CPU
		{4164BDF7-F527-4E85-9CE6-E3C2D7426A27}.Debug|Any CPU.ActiveCfg = Debug|Any CPU
		{4164BDF7-F527-4E85-9CE6-E3C2D7426A27}.Debug|Any CPU.Build.0 = Debug|Any CPU
		{4164BDF7-F527-4E85-9CE6-E3C2D7426A27}.Debug|x64.ActiveCfg = Debug|Any CPU
		{4164BDF7-F527-4E85-9CE6-E3C2D7426A27}.Debug|x64.Build.0 = Debug|Any CPU
		{4164BDF7-F527-4E85-9CE6-E3C2D7426A27}.Debug|x86.ActiveCfg = Debug|Any CPU
		{4164BDF7-F527-4E85-9CE6-E3C2D7426A27}.Debug|x86.Build.0 = Debug|Any CPU
		{4164BDF7-F527-4E85-9CE6-E3C2D7426A27}.Release|Any CPU.ActiveCfg = Release|Any CPU
		{4164BDF7-F527-4E85-9CE6-E3C2D7426A27}.Release|Any CPU.Build.0 = Release|Any CPU
		{4164BDF7-F527-4E85-9CE6-E3C2D7426A27}.Release|x64.ActiveCfg = Release|Any CPU
		{4164BDF7-F527-4E85-9CE6-E3C2D7426A27}.Release|x64.Build.0 = Release|Any CPU
		{4164BDF7-F527-4E85-9CE6-E3C2D7426A27}.Release|x86.ActiveCfg = Release|Any CPU
		{4164BDF7-F527-4E85-9CE6-E3C2D7426A27}.Release|x86.Build.0 = Release|Any CPU
		{3B5A0094-670D-4BB1-BFDD-61B88A8773DC}.Debug|Any CPU.ActiveCfg = Debug|Any CPU
		{3B5A0094-670D-4BB1-BFDD-61B88A8773DC}.Debug|Any CPU.Build.0 = Debug|Any CPU
		{3B5A0094-670D-4BB1-BFDD-61B88A8773DC}.Debug|x64.ActiveCfg = Debug|Any CPU
		{3B5A0094-670D-4BB1-BFDD-61B88A8773DC}.Debug|x64.Build.0 = Debug|Any CPU
		{3B5A0094-670D-4BB1-BFDD-61B88A8773DC}.Debug|x86.ActiveCfg = Debug|Any CPU
		{3B5A0094-670D-4BB1-BFDD-61B88A8773DC}.Debug|x86.Build.0 = Debug|Any CPU
		{3B5A0094-670D-4BB1-BFDD-61B88A8773DC}.Release|Any CPU.ActiveCfg = Release|Any CPU
		{3B5A0094-670D-4BB1-BFDD-61B88A8773DC}.Release|Any CPU.Build.0 = Release|Any CPU
		{3B5A0094-670D-4BB1-BFDD-61B88A8773DC}.Release|x64.ActiveCfg = Release|Any CPU
		{3B5A0094-670D-4BB1-BFDD-61B88A8773DC}.Release|x64.Build.0 = Release|Any CPU
		{3B5A0094-670D-4BB1-BFDD-61B88A8773DC}.Release|x86.ActiveCfg = Release|Any CPU
		{3B5A0094-670D-4BB1-BFDD-61B88A8773DC}.Release|x86.Build.0 = Release|Any CPU
		{70680696-BB1E-4383-BCB2-42C3767171FB}.Debug|Any CPU.ActiveCfg = Debug|Any CPU
		{70680696-BB1E-4383-BCB2-42C3767171FB}.Debug|Any CPU.Build.0 = Debug|Any CPU
		{70680696-BB1E-4383-BCB2-42C3767171FB}.Debug|x64.ActiveCfg = Debug|Any CPU
		{70680696-BB1E-4383-BCB2-42C3767171FB}.Debug|x64.Build.0 = Debug|Any CPU
		{70680696-BB1E-4383-BCB2-42C3767171FB}.Debug|x86.ActiveCfg = Debug|Any CPU
		{70680696-BB1E-4383-BCB2-42C3767171FB}.Debug|x86.Build.0 = Debug|Any CPU
		{70680696-BB1E-4383-BCB2-42C3767171FB}.Release|Any CPU.ActiveCfg = Release|Any CPU
		{70680696-BB1E-4383-BCB2-42C3767171FB}.Release|Any CPU.Build.0 = Release|Any CPU
		{70680696-BB1E-4383-BCB2-42C3767171FB}.Release|x64.ActiveCfg = Release|Any CPU
		{70680696-BB1E-4383-BCB2-42C3767171FB}.Release|x64.Build.0 = Release|Any CPU
		{70680696-BB1E-4383-BCB2-42C3767171FB}.Release|x86.ActiveCfg = Release|Any CPU
		{70680696-BB1E-4383-BCB2-42C3767171FB}.Release|x86.Build.0 = Release|Any CPU
		{96E5259E-59A3-4FAF-BCD1-5BF8E74EF82C}.Debug|Any CPU.ActiveCfg = Debug|Any CPU
		{96E5259E-59A3-4FAF-BCD1-5BF8E74EF82C}.Debug|Any CPU.Build.0 = Debug|Any CPU
		{96E5259E-59A3-4FAF-BCD1-5BF8E74EF82C}.Debug|x64.ActiveCfg = Debug|Any CPU
		{96E5259E-59A3-4FAF-BCD1-5BF8E74EF82C}.Debug|x64.Build.0 = Debug|Any CPU
		{96E5259E-59A3-4FAF-BCD1-5BF8E74EF82C}.Debug|x86.ActiveCfg = Debug|Any CPU
		{96E5259E-59A3-4FAF-BCD1-5BF8E74EF82C}.Debug|x86.Build.0 = Debug|Any CPU
		{96E5259E-59A3-4FAF-BCD1-5BF8E74EF82C}.Release|Any CPU.ActiveCfg = Release|Any CPU
		{96E5259E-59A3-4FAF-BCD1-5BF8E74EF82C}.Release|Any CPU.Build.0 = Release|Any CPU
		{96E5259E-59A3-4FAF-BCD1-5BF8E74EF82C}.Release|x64.ActiveCfg = Release|Any CPU
		{96E5259E-59A3-4FAF-BCD1-5BF8E74EF82C}.Release|x64.Build.0 = Release|Any CPU
		{96E5259E-59A3-4FAF-BCD1-5BF8E74EF82C}.Release|x86.ActiveCfg = Release|Any CPU
		{96E5259E-59A3-4FAF-BCD1-5BF8E74EF82C}.Release|x86.Build.0 = Release|Any CPU
		{A68818F5-9204-4DFF-A7D3-29E540F71D17}.Debug|Any CPU.ActiveCfg = Debug|Any CPU
		{A68818F5-9204-4DFF-A7D3-29E540F71D17}.Debug|Any CPU.Build.0 = Debug|Any CPU
		{A68818F5-9204-4DFF-A7D3-29E540F71D17}.Debug|x64.ActiveCfg = Debug|Any CPU
		{A68818F5-9204-4DFF-A7D3-29E540F71D17}.Debug|x64.Build.0 = Debug|Any CPU
		{A68818F5-9204-4DFF-A7D3-29E540F71D17}.Debug|x86.ActiveCfg = Debug|Any CPU
		{A68818F5-9204-4DFF-A7D3-29E540F71D17}.Debug|x86.Build.0 = Debug|Any CPU
		{A68818F5-9204-4DFF-A7D3-29E540F71D17}.Release|Any CPU.ActiveCfg = Release|Any CPU
		{A68818F5-9204-4DFF-A7D3-29E540F71D17}.Release|Any CPU.Build.0 = Release|Any CPU
		{A68818F5-9204-4DFF-A7D3-29E540F71D17}.Release|x64.ActiveCfg = Release|Any CPU
		{A68818F5-9204-4DFF-A7D3-29E540F71D17}.Release|x64.Build.0 = Release|Any CPU
		{A68818F5-9204-4DFF-A7D3-29E540F71D17}.Release|x86.ActiveCfg = Release|Any CPU
		{A68818F5-9204-4DFF-A7D3-29E540F71D17}.Release|x86.Build.0 = Release|Any CPU
		{21AF84A5-1BD1-4954-9164-F800A125FAAB}.Debug|Any CPU.ActiveCfg = Debug|Any CPU
		{21AF84A5-1BD1-4954-9164-F800A125FAAB}.Debug|Any CPU.Build.0 = Debug|Any CPU
		{21AF84A5-1BD1-4954-9164-F800A125FAAB}.Debug|x64.ActiveCfg = Debug|Any CPU
		{21AF84A5-1BD1-4954-9164-F800A125FAAB}.Debug|x64.Build.0 = Debug|Any CPU
		{21AF84A5-1BD1-4954-9164-F800A125FAAB}.Debug|x86.ActiveCfg = Debug|Any CPU
		{21AF84A5-1BD1-4954-9164-F800A125FAAB}.Debug|x86.Build.0 = Debug|Any CPU
		{21AF84A5-1BD1-4954-9164-F800A125FAAB}.Release|Any CPU.ActiveCfg = Release|Any CPU
		{21AF84A5-1BD1-4954-9164-F800A125FAAB}.Release|Any CPU.Build.0 = Release|Any CPU
		{21AF84A5-1BD1-4954-9164-F800A125FAAB}.Release|x64.ActiveCfg = Release|Any CPU
		{21AF84A5-1BD1-4954-9164-F800A125FAAB}.Release|x64.Build.0 = Release|Any CPU
		{21AF84A5-1BD1-4954-9164-F800A125FAAB}.Release|x86.ActiveCfg = Release|Any CPU
		{21AF84A5-1BD1-4954-9164-F800A125FAAB}.Release|x86.Build.0 = Release|Any CPU
		{6AE434E8-4627-4425-9512-6679171C0AFD}.Debug|Any CPU.ActiveCfg = Debug|Any CPU
		{6AE434E8-4627-4425-9512-6679171C0AFD}.Debug|Any CPU.Build.0 = Debug|Any CPU
		{6AE434E8-4627-4425-9512-6679171C0AFD}.Debug|x64.ActiveCfg = Debug|Any CPU
		{6AE434E8-4627-4425-9512-6679171C0AFD}.Debug|x64.Build.0 = Debug|Any CPU
		{6AE434E8-4627-4425-9512-6679171C0AFD}.Debug|x86.ActiveCfg = Debug|Any CPU
		{6AE434E8-4627-4425-9512-6679171C0AFD}.Debug|x86.Build.0 = Debug|Any CPU
		{6AE434E8-4627-4425-9512-6679171C0AFD}.Release|Any CPU.ActiveCfg = Release|Any CPU
		{6AE434E8-4627-4425-9512-6679171C0AFD}.Release|Any CPU.Build.0 = Release|Any CPU
		{6AE434E8-4627-4425-9512-6679171C0AFD}.Release|x64.ActiveCfg = Release|Any CPU
		{6AE434E8-4627-4425-9512-6679171C0AFD}.Release|x64.Build.0 = Release|Any CPU
		{6AE434E8-4627-4425-9512-6679171C0AFD}.Release|x86.ActiveCfg = Release|Any CPU
		{6AE434E8-4627-4425-9512-6679171C0AFD}.Release|x86.Build.0 = Release|Any CPU
		{7E4D2CE3-7AD6-46A3-B8A5-35911E04C1E3}.Debug|Any CPU.ActiveCfg = Debug|Any CPU
		{7E4D2CE3-7AD6-46A3-B8A5-35911E04C1E3}.Debug|Any CPU.Build.0 = Debug|Any CPU
		{7E4D2CE3-7AD6-46A3-B8A5-35911E04C1E3}.Debug|x64.ActiveCfg = Debug|Any CPU
		{7E4D2CE3-7AD6-46A3-B8A5-35911E04C1E3}.Debug|x64.Build.0 = Debug|Any CPU
		{7E4D2CE3-7AD6-46A3-B8A5-35911E04C1E3}.Debug|x86.ActiveCfg = Debug|Any CPU
		{7E4D2CE3-7AD6-46A3-B8A5-35911E04C1E3}.Debug|x86.Build.0 = Debug|Any CPU
		{7E4D2CE3-7AD6-46A3-B8A5-35911E04C1E3}.Release|Any CPU.ActiveCfg = Release|Any CPU
		{7E4D2CE3-7AD6-46A3-B8A5-35911E04C1E3}.Release|Any CPU.Build.0 = Release|Any CPU
		{7E4D2CE3-7AD6-46A3-B8A5-35911E04C1E3}.Release|x64.ActiveCfg = Release|Any CPU
		{7E4D2CE3-7AD6-46A3-B8A5-35911E04C1E3}.Release|x64.Build.0 = Release|Any CPU
		{7E4D2CE3-7AD6-46A3-B8A5-35911E04C1E3}.Release|x86.ActiveCfg = Release|Any CPU
		{7E4D2CE3-7AD6-46A3-B8A5-35911E04C1E3}.Release|x86.Build.0 = Release|Any CPU
		{E24B8222-DA6B-42BC-80D9-797FAC05C2EA}.Debug|Any CPU.ActiveCfg = Debug|Any CPU
		{E24B8222-DA6B-42BC-80D9-797FAC05C2EA}.Debug|Any CPU.Build.0 = Debug|Any CPU
		{E24B8222-DA6B-42BC-80D9-797FAC05C2EA}.Debug|x64.ActiveCfg = Debug|Any CPU
		{E24B8222-DA6B-42BC-80D9-797FAC05C2EA}.Debug|x64.Build.0 = Debug|Any CPU
		{E24B8222-DA6B-42BC-80D9-797FAC05C2EA}.Debug|x86.ActiveCfg = Debug|Any CPU
		{E24B8222-DA6B-42BC-80D9-797FAC05C2EA}.Debug|x86.Build.0 = Debug|Any CPU
		{E24B8222-DA6B-42BC-80D9-797FAC05C2EA}.Release|Any CPU.ActiveCfg = Release|Any CPU
		{E24B8222-DA6B-42BC-80D9-797FAC05C2EA}.Release|Any CPU.Build.0 = Release|Any CPU
		{E24B8222-DA6B-42BC-80D9-797FAC05C2EA}.Release|x64.ActiveCfg = Release|Any CPU
		{E24B8222-DA6B-42BC-80D9-797FAC05C2EA}.Release|x64.Build.0 = Release|Any CPU
		{E24B8222-DA6B-42BC-80D9-797FAC05C2EA}.Release|x86.ActiveCfg = Release|Any CPU
		{E24B8222-DA6B-42BC-80D9-797FAC05C2EA}.Release|x86.Build.0 = Release|Any CPU
		{0CC442CD-A4AC-14B0-3F1E-E560ADD7BF0F}.Debug|Any CPU.ActiveCfg = Debug|Any CPU
		{0CC442CD-A4AC-14B0-3F1E-E560ADD7BF0F}.Debug|Any CPU.Build.0 = Debug|Any CPU
		{0CC442CD-A4AC-14B0-3F1E-E560ADD7BF0F}.Debug|x64.ActiveCfg = Debug|Any CPU
		{0CC442CD-A4AC-14B0-3F1E-E560ADD7BF0F}.Debug|x64.Build.0 = Debug|Any CPU
		{0CC442CD-A4AC-14B0-3F1E-E560ADD7BF0F}.Debug|x86.ActiveCfg = Debug|Any CPU
		{0CC442CD-A4AC-14B0-3F1E-E560ADD7BF0F}.Debug|x86.Build.0 = Debug|Any CPU
		{0CC442CD-A4AC-14B0-3F1E-E560ADD7BF0F}.Release|Any CPU.ActiveCfg = Release|Any CPU
		{0CC442CD-A4AC-14B0-3F1E-E560ADD7BF0F}.Release|Any CPU.Build.0 = Release|Any CPU
		{0CC442CD-A4AC-14B0-3F1E-E560ADD7BF0F}.Release|x64.ActiveCfg = Release|Any CPU
		{0CC442CD-A4AC-14B0-3F1E-E560ADD7BF0F}.Release|x64.Build.0 = Release|Any CPU
		{0CC442CD-A4AC-14B0-3F1E-E560ADD7BF0F}.Release|x86.ActiveCfg = Release|Any CPU
		{0CC442CD-A4AC-14B0-3F1E-E560ADD7BF0F}.Release|x86.Build.0 = Release|Any CPU
		{397C3258-C72F-AC0F-386C-2641CC1CC02C}.Debug|Any CPU.ActiveCfg = Debug|Any CPU
		{397C3258-C72F-AC0F-386C-2641CC1CC02C}.Debug|Any CPU.Build.0 = Debug|Any CPU
		{397C3258-C72F-AC0F-386C-2641CC1CC02C}.Debug|x64.ActiveCfg = Debug|Any CPU
		{397C3258-C72F-AC0F-386C-2641CC1CC02C}.Debug|x64.Build.0 = Debug|Any CPU
		{397C3258-C72F-AC0F-386C-2641CC1CC02C}.Debug|x86.ActiveCfg = Debug|Any CPU
		{397C3258-C72F-AC0F-386C-2641CC1CC02C}.Debug|x86.Build.0 = Debug|Any CPU
		{397C3258-C72F-AC0F-386C-2641CC1CC02C}.Release|Any CPU.ActiveCfg = Release|Any CPU
		{397C3258-C72F-AC0F-386C-2641CC1CC02C}.Release|Any CPU.Build.0 = Release|Any CPU
		{397C3258-C72F-AC0F-386C-2641CC1CC02C}.Release|x64.ActiveCfg = Release|Any CPU
		{397C3258-C72F-AC0F-386C-2641CC1CC02C}.Release|x64.Build.0 = Release|Any CPU
		{397C3258-C72F-AC0F-386C-2641CC1CC02C}.Release|x86.ActiveCfg = Release|Any CPU
		{397C3258-C72F-AC0F-386C-2641CC1CC02C}.Release|x86.Build.0 = Release|Any CPU
		{B530F793-3201-8B46-B934-308834BAA2F8}.Debug|Any CPU.ActiveCfg = Debug|Any CPU
		{B530F793-3201-8B46-B934-308834BAA2F8}.Debug|Any CPU.Build.0 = Debug|Any CPU
		{B530F793-3201-8B46-B934-308834BAA2F8}.Debug|x64.ActiveCfg = Debug|Any CPU
		{B530F793-3201-8B46-B934-308834BAA2F8}.Debug|x64.Build.0 = Debug|Any CPU
		{B530F793-3201-8B46-B934-308834BAA2F8}.Debug|x86.ActiveCfg = Debug|Any CPU
		{B530F793-3201-8B46-B934-308834BAA2F8}.Debug|x86.Build.0 = Debug|Any CPU
		{B530F793-3201-8B46-B934-308834BAA2F8}.Release|Any CPU.ActiveCfg = Release|Any CPU
		{B530F793-3201-8B46-B934-308834BAA2F8}.Release|Any CPU.Build.0 = Release|Any CPU
		{B530F793-3201-8B46-B934-308834BAA2F8}.Release|x64.ActiveCfg = Release|Any CPU
		{B530F793-3201-8B46-B934-308834BAA2F8}.Release|x64.Build.0 = Release|Any CPU
		{B530F793-3201-8B46-B934-308834BAA2F8}.Release|x86.ActiveCfg = Release|Any CPU
		{B530F793-3201-8B46-B934-308834BAA2F8}.Release|x86.Build.0 = Release|Any CPU
		{CADD05CF-433E-E924-FB39-BD57B0E52272}.Debug|Any CPU.ActiveCfg = Debug|Any CPU
		{CADD05CF-433E-E924-FB39-BD57B0E52272}.Debug|Any CPU.Build.0 = Debug|Any CPU
		{CADD05CF-433E-E924-FB39-BD57B0E52272}.Debug|x64.ActiveCfg = Debug|Any CPU
		{CADD05CF-433E-E924-FB39-BD57B0E52272}.Debug|x64.Build.0 = Debug|Any CPU
		{CADD05CF-433E-E924-FB39-BD57B0E52272}.Debug|x86.ActiveCfg = Debug|Any CPU
		{CADD05CF-433E-E924-FB39-BD57B0E52272}.Debug|x86.Build.0 = Debug|Any CPU
		{CADD05CF-433E-E924-FB39-BD57B0E52272}.Release|Any CPU.ActiveCfg = Release|Any CPU
		{CADD05CF-433E-E924-FB39-BD57B0E52272}.Release|Any CPU.Build.0 = Release|Any CPU
		{CADD05CF-433E-E924-FB39-BD57B0E52272}.Release|x64.ActiveCfg = Release|Any CPU
		{CADD05CF-433E-E924-FB39-BD57B0E52272}.Release|x64.Build.0 = Release|Any CPU
		{CADD05CF-433E-E924-FB39-BD57B0E52272}.Release|x86.ActiveCfg = Release|Any CPU
		{CADD05CF-433E-E924-FB39-BD57B0E52272}.Release|x86.Build.0 = Release|Any CPU
		{5198D6CF-58FF-9762-5B8B-461D453B97B9}.Debug|Any CPU.ActiveCfg = Debug|Any CPU
		{5198D6CF-58FF-9762-5B8B-461D453B97B9}.Debug|Any CPU.Build.0 = Debug|Any CPU
		{5198D6CF-58FF-9762-5B8B-461D453B97B9}.Debug|x64.ActiveCfg = Debug|Any CPU
		{5198D6CF-58FF-9762-5B8B-461D453B97B9}.Debug|x64.Build.0 = Debug|Any CPU
		{5198D6CF-58FF-9762-5B8B-461D453B97B9}.Debug|x86.ActiveCfg = Debug|Any CPU
		{5198D6CF-58FF-9762-5B8B-461D453B97B9}.Debug|x86.Build.0 = Debug|Any CPU
		{5198D6CF-58FF-9762-5B8B-461D453B97B9}.Release|Any CPU.ActiveCfg = Release|Any CPU
		{5198D6CF-58FF-9762-5B8B-461D453B97B9}.Release|Any CPU.Build.0 = Release|Any CPU
		{5198D6CF-58FF-9762-5B8B-461D453B97B9}.Release|x64.ActiveCfg = Release|Any CPU
		{5198D6CF-58FF-9762-5B8B-461D453B97B9}.Release|x64.Build.0 = Release|Any CPU
		{5198D6CF-58FF-9762-5B8B-461D453B97B9}.Release|x86.ActiveCfg = Release|Any CPU
		{5198D6CF-58FF-9762-5B8B-461D453B97B9}.Release|x86.Build.0 = Release|Any CPU
		{2F858A05-0622-C3C5-B8FB-5AF0B0EF1DDB}.Debug|Any CPU.ActiveCfg = Debug|Any CPU
		{2F858A05-0622-C3C5-B8FB-5AF0B0EF1DDB}.Debug|Any CPU.Build.0 = Debug|Any CPU
		{2F858A05-0622-C3C5-B8FB-5AF0B0EF1DDB}.Debug|x64.ActiveCfg = Debug|Any CPU
		{2F858A05-0622-C3C5-B8FB-5AF0B0EF1DDB}.Debug|x64.Build.0 = Debug|Any CPU
		{2F858A05-0622-C3C5-B8FB-5AF0B0EF1DDB}.Debug|x86.ActiveCfg = Debug|Any CPU
		{2F858A05-0622-C3C5-B8FB-5AF0B0EF1DDB}.Debug|x86.Build.0 = Debug|Any CPU
		{2F858A05-0622-C3C5-B8FB-5AF0B0EF1DDB}.Release|Any CPU.ActiveCfg = Release|Any CPU
		{2F858A05-0622-C3C5-B8FB-5AF0B0EF1DDB}.Release|Any CPU.Build.0 = Release|Any CPU
		{2F858A05-0622-C3C5-B8FB-5AF0B0EF1DDB}.Release|x64.ActiveCfg = Release|Any CPU
		{2F858A05-0622-C3C5-B8FB-5AF0B0EF1DDB}.Release|x64.Build.0 = Release|Any CPU
		{2F858A05-0622-C3C5-B8FB-5AF0B0EF1DDB}.Release|x86.ActiveCfg = Release|Any CPU
		{2F858A05-0622-C3C5-B8FB-5AF0B0EF1DDB}.Release|x86.Build.0 = Release|Any CPU
		{262F71BF-AEB6-F9C2-CD27-B39374A7C412}.Debug|Any CPU.ActiveCfg = Debug|Any CPU
		{262F71BF-AEB6-F9C2-CD27-B39374A7C412}.Debug|Any CPU.Build.0 = Debug|Any CPU
		{262F71BF-AEB6-F9C2-CD27-B39374A7C412}.Debug|x64.ActiveCfg = Debug|Any CPU
		{262F71BF-AEB6-F9C2-CD27-B39374A7C412}.Debug|x64.Build.0 = Debug|Any CPU
		{262F71BF-AEB6-F9C2-CD27-B39374A7C412}.Debug|x86.ActiveCfg = Debug|Any CPU
		{262F71BF-AEB6-F9C2-CD27-B39374A7C412}.Debug|x86.Build.0 = Debug|Any CPU
		{262F71BF-AEB6-F9C2-CD27-B39374A7C412}.Release|Any CPU.ActiveCfg = Release|Any CPU
		{262F71BF-AEB6-F9C2-CD27-B39374A7C412}.Release|Any CPU.Build.0 = Release|Any CPU
		{262F71BF-AEB6-F9C2-CD27-B39374A7C412}.Release|x64.ActiveCfg = Release|Any CPU
		{262F71BF-AEB6-F9C2-CD27-B39374A7C412}.Release|x64.Build.0 = Release|Any CPU
		{262F71BF-AEB6-F9C2-CD27-B39374A7C412}.Release|x86.ActiveCfg = Release|Any CPU
		{262F71BF-AEB6-F9C2-CD27-B39374A7C412}.Release|x86.Build.0 = Release|Any CPU
		{2B43B909-4202-E15E-F28E-53C6ED2E4696}.Debug|Any CPU.ActiveCfg = Debug|Any CPU
		{2B43B909-4202-E15E-F28E-53C6ED2E4696}.Debug|Any CPU.Build.0 = Debug|Any CPU
		{2B43B909-4202-E15E-F28E-53C6ED2E4696}.Debug|x64.ActiveCfg = Debug|Any CPU
		{2B43B909-4202-E15E-F28E-53C6ED2E4696}.Debug|x64.Build.0 = Debug|Any CPU
		{2B43B909-4202-E15E-F28E-53C6ED2E4696}.Debug|x86.ActiveCfg = Debug|Any CPU
		{2B43B909-4202-E15E-F28E-53C6ED2E4696}.Debug|x86.Build.0 = Debug|Any CPU
		{2B43B909-4202-E15E-F28E-53C6ED2E4696}.Release|Any CPU.ActiveCfg = Release|Any CPU
		{2B43B909-4202-E15E-F28E-53C6ED2E4696}.Release|Any CPU.Build.0 = Release|Any CPU
		{2B43B909-4202-E15E-F28E-53C6ED2E4696}.Release|x64.ActiveCfg = Release|Any CPU
		{2B43B909-4202-E15E-F28E-53C6ED2E4696}.Release|x64.Build.0 = Release|Any CPU
		{2B43B909-4202-E15E-F28E-53C6ED2E4696}.Release|x86.ActiveCfg = Release|Any CPU
		{2B43B909-4202-E15E-F28E-53C6ED2E4696}.Release|x86.Build.0 = Release|Any CPU
		{8D0754C2-9CA4-EF79-D5B7-54785592F1EF}.Debug|Any CPU.ActiveCfg = Debug|Any CPU
		{8D0754C2-9CA4-EF79-D5B7-54785592F1EF}.Debug|Any CPU.Build.0 = Debug|Any CPU
		{8D0754C2-9CA4-EF79-D5B7-54785592F1EF}.Debug|x64.ActiveCfg = Debug|Any CPU
		{8D0754C2-9CA4-EF79-D5B7-54785592F1EF}.Debug|x64.Build.0 = Debug|Any CPU
		{8D0754C2-9CA4-EF79-D5B7-54785592F1EF}.Debug|x86.ActiveCfg = Debug|Any CPU
		{8D0754C2-9CA4-EF79-D5B7-54785592F1EF}.Debug|x86.Build.0 = Debug|Any CPU
		{8D0754C2-9CA4-EF79-D5B7-54785592F1EF}.Release|Any CPU.ActiveCfg = Release|Any CPU
		{8D0754C2-9CA4-EF79-D5B7-54785592F1EF}.Release|Any CPU.Build.0 = Release|Any CPU
		{8D0754C2-9CA4-EF79-D5B7-54785592F1EF}.Release|x64.ActiveCfg = Release|Any CPU
		{8D0754C2-9CA4-EF79-D5B7-54785592F1EF}.Release|x64.Build.0 = Release|Any CPU
		{8D0754C2-9CA4-EF79-D5B7-54785592F1EF}.Release|x86.ActiveCfg = Release|Any CPU
		{8D0754C2-9CA4-EF79-D5B7-54785592F1EF}.Release|x86.Build.0 = Release|Any CPU
		{53FA6665-8D85-2BFC-4A2F-DD07AE4E06FD}.Debug|Any CPU.ActiveCfg = Debug|Any CPU
		{53FA6665-8D85-2BFC-4A2F-DD07AE4E06FD}.Debug|Any CPU.Build.0 = Debug|Any CPU
		{53FA6665-8D85-2BFC-4A2F-DD07AE4E06FD}.Debug|x64.ActiveCfg = Debug|Any CPU
		{53FA6665-8D85-2BFC-4A2F-DD07AE4E06FD}.Debug|x64.Build.0 = Debug|Any CPU
		{53FA6665-8D85-2BFC-4A2F-DD07AE4E06FD}.Debug|x86.ActiveCfg = Debug|Any CPU
		{53FA6665-8D85-2BFC-4A2F-DD07AE4E06FD}.Debug|x86.Build.0 = Debug|Any CPU
		{53FA6665-8D85-2BFC-4A2F-DD07AE4E06FD}.Release|Any CPU.ActiveCfg = Release|Any CPU
		{53FA6665-8D85-2BFC-4A2F-DD07AE4E06FD}.Release|Any CPU.Build.0 = Release|Any CPU
		{53FA6665-8D85-2BFC-4A2F-DD07AE4E06FD}.Release|x64.ActiveCfg = Release|Any CPU
		{53FA6665-8D85-2BFC-4A2F-DD07AE4E06FD}.Release|x64.Build.0 = Release|Any CPU
		{53FA6665-8D85-2BFC-4A2F-DD07AE4E06FD}.Release|x86.ActiveCfg = Release|Any CPU
		{53FA6665-8D85-2BFC-4A2F-DD07AE4E06FD}.Release|x86.Build.0 = Release|Any CPU
		{9816CFC8-D0FE-76EC-2069-D388CB005196}.Debug|Any CPU.ActiveCfg = Debug|Any CPU
		{9816CFC8-D0FE-76EC-2069-D388CB005196}.Debug|Any CPU.Build.0 = Debug|Any CPU
		{9816CFC8-D0FE-76EC-2069-D388CB005196}.Debug|x64.ActiveCfg = Debug|Any CPU
		{9816CFC8-D0FE-76EC-2069-D388CB005196}.Debug|x64.Build.0 = Debug|Any CPU
		{9816CFC8-D0FE-76EC-2069-D388CB005196}.Debug|x86.ActiveCfg = Debug|Any CPU
		{9816CFC8-D0FE-76EC-2069-D388CB005196}.Debug|x86.Build.0 = Debug|Any CPU
		{9816CFC8-D0FE-76EC-2069-D388CB005196}.Release|Any CPU.ActiveCfg = Release|Any CPU
		{9816CFC8-D0FE-76EC-2069-D388CB005196}.Release|Any CPU.Build.0 = Release|Any CPU
		{9816CFC8-D0FE-76EC-2069-D388CB005196}.Release|x64.ActiveCfg = Release|Any CPU
		{9816CFC8-D0FE-76EC-2069-D388CB005196}.Release|x64.Build.0 = Release|Any CPU
		{9816CFC8-D0FE-76EC-2069-D388CB005196}.Release|x86.ActiveCfg = Release|Any CPU
		{9816CFC8-D0FE-76EC-2069-D388CB005196}.Release|x86.Build.0 = Release|Any CPU
		{D852C12A-A741-A693-7513-6DD739C7E86B}.Debug|Any CPU.ActiveCfg = Debug|Any CPU
		{D852C12A-A741-A693-7513-6DD739C7E86B}.Debug|Any CPU.Build.0 = Debug|Any CPU
		{D852C12A-A741-A693-7513-6DD739C7E86B}.Debug|x64.ActiveCfg = Debug|Any CPU
		{D852C12A-A741-A693-7513-6DD739C7E86B}.Debug|x64.Build.0 = Debug|Any CPU
		{D852C12A-A741-A693-7513-6DD739C7E86B}.Debug|x86.ActiveCfg = Debug|Any CPU
		{D852C12A-A741-A693-7513-6DD739C7E86B}.Debug|x86.Build.0 = Debug|Any CPU
		{D852C12A-A741-A693-7513-6DD739C7E86B}.Release|Any CPU.ActiveCfg = Release|Any CPU
		{D852C12A-A741-A693-7513-6DD739C7E86B}.Release|Any CPU.Build.0 = Release|Any CPU
		{D852C12A-A741-A693-7513-6DD739C7E86B}.Release|x64.ActiveCfg = Release|Any CPU
		{D852C12A-A741-A693-7513-6DD739C7E86B}.Release|x64.Build.0 = Release|Any CPU
		{D852C12A-A741-A693-7513-6DD739C7E86B}.Release|x86.ActiveCfg = Release|Any CPU
		{D852C12A-A741-A693-7513-6DD739C7E86B}.Release|x86.Build.0 = Release|Any CPU
		{AE512FA1-F958-2CF6-B15E-322064CDC3EE}.Debug|Any CPU.ActiveCfg = Debug|Any CPU
		{AE512FA1-F958-2CF6-B15E-322064CDC3EE}.Debug|Any CPU.Build.0 = Debug|Any CPU
		{AE512FA1-F958-2CF6-B15E-322064CDC3EE}.Debug|x64.ActiveCfg = Debug|Any CPU
		{AE512FA1-F958-2CF6-B15E-322064CDC3EE}.Debug|x64.Build.0 = Debug|Any CPU
		{AE512FA1-F958-2CF6-B15E-322064CDC3EE}.Debug|x86.ActiveCfg = Debug|Any CPU
		{AE512FA1-F958-2CF6-B15E-322064CDC3EE}.Debug|x86.Build.0 = Debug|Any CPU
		{AE512FA1-F958-2CF6-B15E-322064CDC3EE}.Release|Any CPU.ActiveCfg = Release|Any CPU
		{AE512FA1-F958-2CF6-B15E-322064CDC3EE}.Release|Any CPU.Build.0 = Release|Any CPU
		{AE512FA1-F958-2CF6-B15E-322064CDC3EE}.Release|x64.ActiveCfg = Release|Any CPU
		{AE512FA1-F958-2CF6-B15E-322064CDC3EE}.Release|x64.Build.0 = Release|Any CPU
		{AE512FA1-F958-2CF6-B15E-322064CDC3EE}.Release|x86.ActiveCfg = Release|Any CPU
		{AE512FA1-F958-2CF6-B15E-322064CDC3EE}.Release|x86.Build.0 = Release|Any CPU
		{A1302878-1EBB-CBC1-DF06-E504CCA3D4BB}.Debug|Any CPU.ActiveCfg = Debug|Any CPU
		{A1302878-1EBB-CBC1-DF06-E504CCA3D4BB}.Debug|Any CPU.Build.0 = Debug|Any CPU
		{A1302878-1EBB-CBC1-DF06-E504CCA3D4BB}.Debug|x64.ActiveCfg = Debug|Any CPU
		{A1302878-1EBB-CBC1-DF06-E504CCA3D4BB}.Debug|x64.Build.0 = Debug|Any CPU
		{A1302878-1EBB-CBC1-DF06-E504CCA3D4BB}.Debug|x86.ActiveCfg = Debug|Any CPU
		{A1302878-1EBB-CBC1-DF06-E504CCA3D4BB}.Debug|x86.Build.0 = Debug|Any CPU
		{A1302878-1EBB-CBC1-DF06-E504CCA3D4BB}.Release|Any CPU.ActiveCfg = Release|Any CPU
		{A1302878-1EBB-CBC1-DF06-E504CCA3D4BB}.Release|Any CPU.Build.0 = Release|Any CPU
		{A1302878-1EBB-CBC1-DF06-E504CCA3D4BB}.Release|x64.ActiveCfg = Release|Any CPU
		{A1302878-1EBB-CBC1-DF06-E504CCA3D4BB}.Release|x64.Build.0 = Release|Any CPU
		{A1302878-1EBB-CBC1-DF06-E504CCA3D4BB}.Release|x86.ActiveCfg = Release|Any CPU
		{A1302878-1EBB-CBC1-DF06-E504CCA3D4BB}.Release|x86.Build.0 = Release|Any CPU
		{CC903F57-EC01-068A-3387-1C639FA225BF}.Debug|Any CPU.ActiveCfg = Debug|Any CPU
		{CC903F57-EC01-068A-3387-1C639FA225BF}.Debug|Any CPU.Build.0 = Debug|Any CPU
		{CC903F57-EC01-068A-3387-1C639FA225BF}.Debug|x64.ActiveCfg = Debug|Any CPU
		{CC903F57-EC01-068A-3387-1C639FA225BF}.Debug|x64.Build.0 = Debug|Any CPU
		{CC903F57-EC01-068A-3387-1C639FA225BF}.Debug|x86.ActiveCfg = Debug|Any CPU
		{CC903F57-EC01-068A-3387-1C639FA225BF}.Debug|x86.Build.0 = Debug|Any CPU
		{CC903F57-EC01-068A-3387-1C639FA225BF}.Release|Any CPU.ActiveCfg = Release|Any CPU
		{CC903F57-EC01-068A-3387-1C639FA225BF}.Release|Any CPU.Build.0 = Release|Any CPU
		{CC903F57-EC01-068A-3387-1C639FA225BF}.Release|x64.ActiveCfg = Release|Any CPU
		{CC903F57-EC01-068A-3387-1C639FA225BF}.Release|x64.Build.0 = Release|Any CPU
		{CC903F57-EC01-068A-3387-1C639FA225BF}.Release|x86.ActiveCfg = Release|Any CPU
		{CC903F57-EC01-068A-3387-1C639FA225BF}.Release|x86.Build.0 = Release|Any CPU
		{F193EA3E-B6F4-D847-4705-A2368DF768C5}.Debug|Any CPU.ActiveCfg = Debug|Any CPU
		{F193EA3E-B6F4-D847-4705-A2368DF768C5}.Debug|Any CPU.Build.0 = Debug|Any CPU
		{F193EA3E-B6F4-D847-4705-A2368DF768C5}.Debug|x64.ActiveCfg = Debug|Any CPU
		{F193EA3E-B6F4-D847-4705-A2368DF768C5}.Debug|x64.Build.0 = Debug|Any CPU
		{F193EA3E-B6F4-D847-4705-A2368DF768C5}.Debug|x86.ActiveCfg = Debug|Any CPU
		{F193EA3E-B6F4-D847-4705-A2368DF768C5}.Debug|x86.Build.0 = Debug|Any CPU
		{F193EA3E-B6F4-D847-4705-A2368DF768C5}.Release|Any CPU.ActiveCfg = Release|Any CPU
		{F193EA3E-B6F4-D847-4705-A2368DF768C5}.Release|Any CPU.Build.0 = Release|Any CPU
		{F193EA3E-B6F4-D847-4705-A2368DF768C5}.Release|x64.ActiveCfg = Release|Any CPU
		{F193EA3E-B6F4-D847-4705-A2368DF768C5}.Release|x64.Build.0 = Release|Any CPU
		{F193EA3E-B6F4-D847-4705-A2368DF768C5}.Release|x86.ActiveCfg = Release|Any CPU
		{F193EA3E-B6F4-D847-4705-A2368DF768C5}.Release|x86.Build.0 = Release|Any CPU
		{3E09CC44-9844-0958-E80E-8C9D0855672A}.Debug|Any CPU.ActiveCfg = Debug|Any CPU
		{3E09CC44-9844-0958-E80E-8C9D0855672A}.Debug|Any CPU.Build.0 = Debug|Any CPU
		{3E09CC44-9844-0958-E80E-8C9D0855672A}.Debug|x64.ActiveCfg = Debug|Any CPU
		{3E09CC44-9844-0958-E80E-8C9D0855672A}.Debug|x64.Build.0 = Debug|Any CPU
		{3E09CC44-9844-0958-E80E-8C9D0855672A}.Debug|x86.ActiveCfg = Debug|Any CPU
		{3E09CC44-9844-0958-E80E-8C9D0855672A}.Debug|x86.Build.0 = Debug|Any CPU
		{3E09CC44-9844-0958-E80E-8C9D0855672A}.Release|Any CPU.ActiveCfg = Release|Any CPU
		{3E09CC44-9844-0958-E80E-8C9D0855672A}.Release|Any CPU.Build.0 = Release|Any CPU
		{3E09CC44-9844-0958-E80E-8C9D0855672A}.Release|x64.ActiveCfg = Release|Any CPU
		{3E09CC44-9844-0958-E80E-8C9D0855672A}.Release|x64.Build.0 = Release|Any CPU
		{3E09CC44-9844-0958-E80E-8C9D0855672A}.Release|x86.ActiveCfg = Release|Any CPU
		{3E09CC44-9844-0958-E80E-8C9D0855672A}.Release|x86.Build.0 = Release|Any CPU
		{6631FE80-69DA-3D28-224D-C558D679904F}.Debug|Any CPU.ActiveCfg = Debug|Any CPU
		{6631FE80-69DA-3D28-224D-C558D679904F}.Debug|Any CPU.Build.0 = Debug|Any CPU
		{6631FE80-69DA-3D28-224D-C558D679904F}.Debug|x64.ActiveCfg = Debug|Any CPU
		{6631FE80-69DA-3D28-224D-C558D679904F}.Debug|x64.Build.0 = Debug|Any CPU
		{6631FE80-69DA-3D28-224D-C558D679904F}.Debug|x86.ActiveCfg = Debug|Any CPU
		{6631FE80-69DA-3D28-224D-C558D679904F}.Debug|x86.Build.0 = Debug|Any CPU
		{6631FE80-69DA-3D28-224D-C558D679904F}.Release|Any CPU.ActiveCfg = Release|Any CPU
		{6631FE80-69DA-3D28-224D-C558D679904F}.Release|Any CPU.Build.0 = Release|Any CPU
		{6631FE80-69DA-3D28-224D-C558D679904F}.Release|x64.ActiveCfg = Release|Any CPU
		{6631FE80-69DA-3D28-224D-C558D679904F}.Release|x64.Build.0 = Release|Any CPU
		{6631FE80-69DA-3D28-224D-C558D679904F}.Release|x86.ActiveCfg = Release|Any CPU
		{6631FE80-69DA-3D28-224D-C558D679904F}.Release|x86.Build.0 = Release|Any CPU
		{DAF1125A-FFDA-BBB6-426E-49F51237C8F2}.Debug|Any CPU.ActiveCfg = Debug|Any CPU
		{DAF1125A-FFDA-BBB6-426E-49F51237C8F2}.Debug|Any CPU.Build.0 = Debug|Any CPU
		{DAF1125A-FFDA-BBB6-426E-49F51237C8F2}.Debug|x64.ActiveCfg = Debug|Any CPU
		{DAF1125A-FFDA-BBB6-426E-49F51237C8F2}.Debug|x64.Build.0 = Debug|Any CPU
		{DAF1125A-FFDA-BBB6-426E-49F51237C8F2}.Debug|x86.ActiveCfg = Debug|Any CPU
		{DAF1125A-FFDA-BBB6-426E-49F51237C8F2}.Debug|x86.Build.0 = Debug|Any CPU
		{DAF1125A-FFDA-BBB6-426E-49F51237C8F2}.Release|Any CPU.ActiveCfg = Release|Any CPU
		{DAF1125A-FFDA-BBB6-426E-49F51237C8F2}.Release|Any CPU.Build.0 = Release|Any CPU
		{DAF1125A-FFDA-BBB6-426E-49F51237C8F2}.Release|x64.ActiveCfg = Release|Any CPU
		{DAF1125A-FFDA-BBB6-426E-49F51237C8F2}.Release|x64.Build.0 = Release|Any CPU
		{DAF1125A-FFDA-BBB6-426E-49F51237C8F2}.Release|x86.ActiveCfg = Release|Any CPU
		{DAF1125A-FFDA-BBB6-426E-49F51237C8F2}.Release|x86.Build.0 = Release|Any CPU
		{AE7B93E8-E673-87EC-065E-E4067648344C}.Debug|Any CPU.ActiveCfg = Debug|Any CPU
		{AE7B93E8-E673-87EC-065E-E4067648344C}.Debug|Any CPU.Build.0 = Debug|Any CPU
		{AE7B93E8-E673-87EC-065E-E4067648344C}.Debug|x64.ActiveCfg = Debug|Any CPU
		{AE7B93E8-E673-87EC-065E-E4067648344C}.Debug|x64.Build.0 = Debug|Any CPU
		{AE7B93E8-E673-87EC-065E-E4067648344C}.Debug|x86.ActiveCfg = Debug|Any CPU
		{AE7B93E8-E673-87EC-065E-E4067648344C}.Debug|x86.Build.0 = Debug|Any CPU
		{AE7B93E8-E673-87EC-065E-E4067648344C}.Release|Any CPU.ActiveCfg = Release|Any CPU
		{AE7B93E8-E673-87EC-065E-E4067648344C}.Release|Any CPU.Build.0 = Release|Any CPU
		{AE7B93E8-E673-87EC-065E-E4067648344C}.Release|x64.ActiveCfg = Release|Any CPU
		{AE7B93E8-E673-87EC-065E-E4067648344C}.Release|x64.Build.0 = Release|Any CPU
		{AE7B93E8-E673-87EC-065E-E4067648344C}.Release|x86.ActiveCfg = Release|Any CPU
		{AE7B93E8-E673-87EC-065E-E4067648344C}.Release|x86.Build.0 = Release|Any CPU
		{F83A5AEC-03B9-3A5D-6B14-E18BC97D65F6}.Debug|Any CPU.ActiveCfg = Debug|Any CPU
		{F83A5AEC-03B9-3A5D-6B14-E18BC97D65F6}.Debug|Any CPU.Build.0 = Debug|Any CPU
		{F83A5AEC-03B9-3A5D-6B14-E18BC97D65F6}.Debug|x64.ActiveCfg = Debug|Any CPU
		{F83A5AEC-03B9-3A5D-6B14-E18BC97D65F6}.Debug|x64.Build.0 = Debug|Any CPU
		{F83A5AEC-03B9-3A5D-6B14-E18BC97D65F6}.Debug|x86.ActiveCfg = Debug|Any CPU
		{F83A5AEC-03B9-3A5D-6B14-E18BC97D65F6}.Debug|x86.Build.0 = Debug|Any CPU
		{F83A5AEC-03B9-3A5D-6B14-E18BC97D65F6}.Release|Any CPU.ActiveCfg = Release|Any CPU
		{F83A5AEC-03B9-3A5D-6B14-E18BC97D65F6}.Release|Any CPU.Build.0 = Release|Any CPU
		{F83A5AEC-03B9-3A5D-6B14-E18BC97D65F6}.Release|x64.ActiveCfg = Release|Any CPU
		{F83A5AEC-03B9-3A5D-6B14-E18BC97D65F6}.Release|x64.Build.0 = Release|Any CPU
		{F83A5AEC-03B9-3A5D-6B14-E18BC97D65F6}.Release|x86.ActiveCfg = Release|Any CPU
		{F83A5AEC-03B9-3A5D-6B14-E18BC97D65F6}.Release|x86.Build.0 = Release|Any CPU
		{44D18B4E-0FC1-4D26-B545-7994B3E31FD1}.Debug|Any CPU.ActiveCfg = Debug|Any CPU
		{44D18B4E-0FC1-4D26-B545-7994B3E31FD1}.Debug|Any CPU.Build.0 = Debug|Any CPU
		{44D18B4E-0FC1-4D26-B545-7994B3E31FD1}.Debug|x64.ActiveCfg = Debug|Any CPU
		{44D18B4E-0FC1-4D26-B545-7994B3E31FD1}.Debug|x64.Build.0 = Debug|Any CPU
		{44D18B4E-0FC1-4D26-B545-7994B3E31FD1}.Debug|x86.ActiveCfg = Debug|Any CPU
		{44D18B4E-0FC1-4D26-B545-7994B3E31FD1}.Debug|x86.Build.0 = Debug|Any CPU
		{44D18B4E-0FC1-4D26-B545-7994B3E31FD1}.Release|Any CPU.ActiveCfg = Release|Any CPU
		{44D18B4E-0FC1-4D26-B545-7994B3E31FD1}.Release|Any CPU.Build.0 = Release|Any CPU
		{44D18B4E-0FC1-4D26-B545-7994B3E31FD1}.Release|x64.ActiveCfg = Release|Any CPU
		{44D18B4E-0FC1-4D26-B545-7994B3E31FD1}.Release|x64.Build.0 = Release|Any CPU
		{44D18B4E-0FC1-4D26-B545-7994B3E31FD1}.Release|x86.ActiveCfg = Release|Any CPU
		{44D18B4E-0FC1-4D26-B545-7994B3E31FD1}.Release|x86.Build.0 = Release|Any CPU
		{A5B77B75-A325-4305-BEB7-396C643A0E9A}.Debug|Any CPU.ActiveCfg = Debug|Any CPU
		{A5B77B75-A325-4305-BEB7-396C643A0E9A}.Debug|Any CPU.Build.0 = Debug|Any CPU
		{A5B77B75-A325-4305-BEB7-396C643A0E9A}.Debug|x64.ActiveCfg = Debug|Any CPU
		{A5B77B75-A325-4305-BEB7-396C643A0E9A}.Debug|x64.Build.0 = Debug|Any CPU
		{A5B77B75-A325-4305-BEB7-396C643A0E9A}.Debug|x86.ActiveCfg = Debug|Any CPU
		{A5B77B75-A325-4305-BEB7-396C643A0E9A}.Debug|x86.Build.0 = Debug|Any CPU
		{A5B77B75-A325-4305-BEB7-396C643A0E9A}.Release|Any CPU.ActiveCfg = Release|Any CPU
		{A5B77B75-A325-4305-BEB7-396C643A0E9A}.Release|Any CPU.Build.0 = Release|Any CPU
		{A5B77B75-A325-4305-BEB7-396C643A0E9A}.Release|x64.ActiveCfg = Release|Any CPU
		{A5B77B75-A325-4305-BEB7-396C643A0E9A}.Release|x64.Build.0 = Release|Any CPU
		{A5B77B75-A325-4305-BEB7-396C643A0E9A}.Release|x86.ActiveCfg = Release|Any CPU
		{A5B77B75-A325-4305-BEB7-396C643A0E9A}.Release|x86.Build.0 = Release|Any CPU
		{FB30B6D3-F243-46BD-AE2B-41D4D1381A5C}.Debug|Any CPU.ActiveCfg = Debug|Any CPU
		{FB30B6D3-F243-46BD-AE2B-41D4D1381A5C}.Debug|Any CPU.Build.0 = Debug|Any CPU
		{FB30B6D3-F243-46BD-AE2B-41D4D1381A5C}.Debug|x64.ActiveCfg = Debug|Any CPU
		{FB30B6D3-F243-46BD-AE2B-41D4D1381A5C}.Debug|x64.Build.0 = Debug|Any CPU
		{FB30B6D3-F243-46BD-AE2B-41D4D1381A5C}.Debug|x86.ActiveCfg = Debug|Any CPU
		{FB30B6D3-F243-46BD-AE2B-41D4D1381A5C}.Debug|x86.Build.0 = Debug|Any CPU
		{FB30B6D3-F243-46BD-AE2B-41D4D1381A5C}.Release|Any CPU.ActiveCfg = Release|Any CPU
		{FB30B6D3-F243-46BD-AE2B-41D4D1381A5C}.Release|Any CPU.Build.0 = Release|Any CPU
		{FB30B6D3-F243-46BD-AE2B-41D4D1381A5C}.Release|x64.ActiveCfg = Release|Any CPU
		{FB30B6D3-F243-46BD-AE2B-41D4D1381A5C}.Release|x64.Build.0 = Release|Any CPU
		{FB30B6D3-F243-46BD-AE2B-41D4D1381A5C}.Release|x86.ActiveCfg = Release|Any CPU
		{FB30B6D3-F243-46BD-AE2B-41D4D1381A5C}.Release|x86.Build.0 = Release|Any CPU
		{09F50D99-84F1-4492-A3EA-E815A46DF22F}.Debug|Any CPU.ActiveCfg = Debug|Any CPU
		{09F50D99-84F1-4492-A3EA-E815A46DF22F}.Debug|Any CPU.Build.0 = Debug|Any CPU
		{09F50D99-84F1-4492-A3EA-E815A46DF22F}.Debug|x64.ActiveCfg = Debug|Any CPU
		{09F50D99-84F1-4492-A3EA-E815A46DF22F}.Debug|x64.Build.0 = Debug|Any CPU
		{09F50D99-84F1-4492-A3EA-E815A46DF22F}.Debug|x86.ActiveCfg = Debug|Any CPU
		{09F50D99-84F1-4492-A3EA-E815A46DF22F}.Debug|x86.Build.0 = Debug|Any CPU
		{09F50D99-84F1-4492-A3EA-E815A46DF22F}.Release|Any CPU.ActiveCfg = Release|Any CPU
		{09F50D99-84F1-4492-A3EA-E815A46DF22F}.Release|Any CPU.Build.0 = Release|Any CPU
		{09F50D99-84F1-4492-A3EA-E815A46DF22F}.Release|x64.ActiveCfg = Release|Any CPU
		{09F50D99-84F1-4492-A3EA-E815A46DF22F}.Release|x64.Build.0 = Release|Any CPU
		{09F50D99-84F1-4492-A3EA-E815A46DF22F}.Release|x86.ActiveCfg = Release|Any CPU
		{09F50D99-84F1-4492-A3EA-E815A46DF22F}.Release|x86.Build.0 = Release|Any CPU
		{CFB25FA1-F8C6-A7C0-D85F-C172F7F0ED76}.Debug|Any CPU.ActiveCfg = Debug|Any CPU
		{CFB25FA1-F8C6-A7C0-D85F-C172F7F0ED76}.Debug|Any CPU.Build.0 = Debug|Any CPU
		{CFB25FA1-F8C6-A7C0-D85F-C172F7F0ED76}.Debug|x64.ActiveCfg = Debug|Any CPU
		{CFB25FA1-F8C6-A7C0-D85F-C172F7F0ED76}.Debug|x64.Build.0 = Debug|Any CPU
		{CFB25FA1-F8C6-A7C0-D85F-C172F7F0ED76}.Debug|x86.ActiveCfg = Debug|Any CPU
		{CFB25FA1-F8C6-A7C0-D85F-C172F7F0ED76}.Debug|x86.Build.0 = Debug|Any CPU
		{CFB25FA1-F8C6-A7C0-D85F-C172F7F0ED76}.Release|Any CPU.ActiveCfg = Release|Any CPU
		{CFB25FA1-F8C6-A7C0-D85F-C172F7F0ED76}.Release|Any CPU.Build.0 = Release|Any CPU
		{CFB25FA1-F8C6-A7C0-D85F-C172F7F0ED76}.Release|x64.ActiveCfg = Release|Any CPU
		{CFB25FA1-F8C6-A7C0-D85F-C172F7F0ED76}.Release|x64.Build.0 = Release|Any CPU
		{CFB25FA1-F8C6-A7C0-D85F-C172F7F0ED76}.Release|x86.ActiveCfg = Release|Any CPU
		{CFB25FA1-F8C6-A7C0-D85F-C172F7F0ED76}.Release|x86.Build.0 = Release|Any CPU
		{15D76CF9-BD96-DB88-E33C-891DCA1BDC62}.Debug|Any CPU.ActiveCfg = Debug|Any CPU
		{15D76CF9-BD96-DB88-E33C-891DCA1BDC62}.Debug|Any CPU.Build.0 = Debug|Any CPU
		{15D76CF9-BD96-DB88-E33C-891DCA1BDC62}.Debug|x64.ActiveCfg = Debug|Any CPU
		{15D76CF9-BD96-DB88-E33C-891DCA1BDC62}.Debug|x64.Build.0 = Debug|Any CPU
		{15D76CF9-BD96-DB88-E33C-891DCA1BDC62}.Debug|x86.ActiveCfg = Debug|Any CPU
		{15D76CF9-BD96-DB88-E33C-891DCA1BDC62}.Debug|x86.Build.0 = Debug|Any CPU
		{15D76CF9-BD96-DB88-E33C-891DCA1BDC62}.Release|Any CPU.ActiveCfg = Release|Any CPU
		{15D76CF9-BD96-DB88-E33C-891DCA1BDC62}.Release|Any CPU.Build.0 = Release|Any CPU
		{15D76CF9-BD96-DB88-E33C-891DCA1BDC62}.Release|x64.ActiveCfg = Release|Any CPU
		{15D76CF9-BD96-DB88-E33C-891DCA1BDC62}.Release|x64.Build.0 = Release|Any CPU
		{15D76CF9-BD96-DB88-E33C-891DCA1BDC62}.Release|x86.ActiveCfg = Release|Any CPU
		{15D76CF9-BD96-DB88-E33C-891DCA1BDC62}.Release|x86.Build.0 = Release|Any CPU
		{FBEDEEB2-1EE4-4E68-7690-FB526FDBE487}.Debug|Any CPU.ActiveCfg = Debug|Any CPU
		{FBEDEEB2-1EE4-4E68-7690-FB526FDBE487}.Debug|Any CPU.Build.0 = Debug|Any CPU
		{FBEDEEB2-1EE4-4E68-7690-FB526FDBE487}.Debug|x64.ActiveCfg = Debug|Any CPU
		{FBEDEEB2-1EE4-4E68-7690-FB526FDBE487}.Debug|x64.Build.0 = Debug|Any CPU
		{FBEDEEB2-1EE4-4E68-7690-FB526FDBE487}.Debug|x86.ActiveCfg = Debug|Any CPU
		{FBEDEEB2-1EE4-4E68-7690-FB526FDBE487}.Debug|x86.Build.0 = Debug|Any CPU
		{FBEDEEB2-1EE4-4E68-7690-FB526FDBE487}.Release|Any CPU.ActiveCfg = Release|Any CPU
		{FBEDEEB2-1EE4-4E68-7690-FB526FDBE487}.Release|Any CPU.Build.0 = Release|Any CPU
		{FBEDEEB2-1EE4-4E68-7690-FB526FDBE487}.Release|x64.ActiveCfg = Release|Any CPU
		{FBEDEEB2-1EE4-4E68-7690-FB526FDBE487}.Release|x64.Build.0 = Release|Any CPU
		{FBEDEEB2-1EE4-4E68-7690-FB526FDBE487}.Release|x86.ActiveCfg = Release|Any CPU
		{FBEDEEB2-1EE4-4E68-7690-FB526FDBE487}.Release|x86.Build.0 = Release|Any CPU
		{2C1047D6-E9EC-4F2F-3A5F-B0E73EC4EE0B}.Debug|Any CPU.ActiveCfg = Debug|Any CPU
		{2C1047D6-E9EC-4F2F-3A5F-B0E73EC4EE0B}.Debug|Any CPU.Build.0 = Debug|Any CPU
		{2C1047D6-E9EC-4F2F-3A5F-B0E73EC4EE0B}.Debug|x64.ActiveCfg = Debug|Any CPU
		{2C1047D6-E9EC-4F2F-3A5F-B0E73EC4EE0B}.Debug|x64.Build.0 = Debug|Any CPU
		{2C1047D6-E9EC-4F2F-3A5F-B0E73EC4EE0B}.Debug|x86.ActiveCfg = Debug|Any CPU
		{2C1047D6-E9EC-4F2F-3A5F-B0E73EC4EE0B}.Debug|x86.Build.0 = Debug|Any CPU
		{2C1047D6-E9EC-4F2F-3A5F-B0E73EC4EE0B}.Release|Any CPU.ActiveCfg = Release|Any CPU
		{2C1047D6-E9EC-4F2F-3A5F-B0E73EC4EE0B}.Release|Any CPU.Build.0 = Release|Any CPU
		{2C1047D6-E9EC-4F2F-3A5F-B0E73EC4EE0B}.Release|x64.ActiveCfg = Release|Any CPU
		{2C1047D6-E9EC-4F2F-3A5F-B0E73EC4EE0B}.Release|x64.Build.0 = Release|Any CPU
		{2C1047D6-E9EC-4F2F-3A5F-B0E73EC4EE0B}.Release|x86.ActiveCfg = Release|Any CPU
		{2C1047D6-E9EC-4F2F-3A5F-B0E73EC4EE0B}.Release|x86.Build.0 = Release|Any CPU
		{5CC2ADFB-7FA0-1781-22B9-4E1BCA828523}.Debug|Any CPU.ActiveCfg = Debug|Any CPU
		{5CC2ADFB-7FA0-1781-22B9-4E1BCA828523}.Debug|Any CPU.Build.0 = Debug|Any CPU
		{5CC2ADFB-7FA0-1781-22B9-4E1BCA828523}.Debug|x64.ActiveCfg = Debug|Any CPU
		{5CC2ADFB-7FA0-1781-22B9-4E1BCA828523}.Debug|x64.Build.0 = Debug|Any CPU
		{5CC2ADFB-7FA0-1781-22B9-4E1BCA828523}.Debug|x86.ActiveCfg = Debug|Any CPU
		{5CC2ADFB-7FA0-1781-22B9-4E1BCA828523}.Debug|x86.Build.0 = Debug|Any CPU
		{5CC2ADFB-7FA0-1781-22B9-4E1BCA828523}.Release|Any CPU.ActiveCfg = Release|Any CPU
		{5CC2ADFB-7FA0-1781-22B9-4E1BCA828523}.Release|Any CPU.Build.0 = Release|Any CPU
		{5CC2ADFB-7FA0-1781-22B9-4E1BCA828523}.Release|x64.ActiveCfg = Release|Any CPU
		{5CC2ADFB-7FA0-1781-22B9-4E1BCA828523}.Release|x64.Build.0 = Release|Any CPU
		{5CC2ADFB-7FA0-1781-22B9-4E1BCA828523}.Release|x86.ActiveCfg = Release|Any CPU
		{5CC2ADFB-7FA0-1781-22B9-4E1BCA828523}.Release|x86.Build.0 = Release|Any CPU
		{DD5488FA-E714-4C81-D56C-89618771D176}.Debug|Any CPU.ActiveCfg = Debug|Any CPU
		{DD5488FA-E714-4C81-D56C-89618771D176}.Debug|Any CPU.Build.0 = Debug|Any CPU
		{DD5488FA-E714-4C81-D56C-89618771D176}.Debug|x64.ActiveCfg = Debug|Any CPU
		{DD5488FA-E714-4C81-D56C-89618771D176}.Debug|x64.Build.0 = Debug|Any CPU
		{DD5488FA-E714-4C81-D56C-89618771D176}.Debug|x86.ActiveCfg = Debug|Any CPU
		{DD5488FA-E714-4C81-D56C-89618771D176}.Debug|x86.Build.0 = Debug|Any CPU
		{DD5488FA-E714-4C81-D56C-89618771D176}.Release|Any CPU.ActiveCfg = Release|Any CPU
		{DD5488FA-E714-4C81-D56C-89618771D176}.Release|Any CPU.Build.0 = Release|Any CPU
		{DD5488FA-E714-4C81-D56C-89618771D176}.Release|x64.ActiveCfg = Release|Any CPU
		{DD5488FA-E714-4C81-D56C-89618771D176}.Release|x64.Build.0 = Release|Any CPU
		{DD5488FA-E714-4C81-D56C-89618771D176}.Release|x86.ActiveCfg = Release|Any CPU
		{DD5488FA-E714-4C81-D56C-89618771D176}.Release|x86.Build.0 = Release|Any CPU
		{640443C9-4EB1-12D2-A3B5-47B48AABDEBB}.Debug|Any CPU.ActiveCfg = Debug|Any CPU
		{640443C9-4EB1-12D2-A3B5-47B48AABDEBB}.Debug|Any CPU.Build.0 = Debug|Any CPU
		{640443C9-4EB1-12D2-A3B5-47B48AABDEBB}.Debug|x64.ActiveCfg = Debug|Any CPU
		{640443C9-4EB1-12D2-A3B5-47B48AABDEBB}.Debug|x64.Build.0 = Debug|Any CPU
		{640443C9-4EB1-12D2-A3B5-47B48AABDEBB}.Debug|x86.ActiveCfg = Debug|Any CPU
		{640443C9-4EB1-12D2-A3B5-47B48AABDEBB}.Debug|x86.Build.0 = Debug|Any CPU
		{640443C9-4EB1-12D2-A3B5-47B48AABDEBB}.Release|Any CPU.ActiveCfg = Release|Any CPU
		{640443C9-4EB1-12D2-A3B5-47B48AABDEBB}.Release|Any CPU.Build.0 = Release|Any CPU
		{640443C9-4EB1-12D2-A3B5-47B48AABDEBB}.Release|x64.ActiveCfg = Release|Any CPU
		{640443C9-4EB1-12D2-A3B5-47B48AABDEBB}.Release|x64.Build.0 = Release|Any CPU
		{640443C9-4EB1-12D2-A3B5-47B48AABDEBB}.Release|x86.ActiveCfg = Release|Any CPU
		{640443C9-4EB1-12D2-A3B5-47B48AABDEBB}.Release|x86.Build.0 = Release|Any CPU
		{5484DC8D-A49C-4427-B7EB-0676CC8F15D0}.Debug|Any CPU.ActiveCfg = Debug|Any CPU
		{5484DC8D-A49C-4427-B7EB-0676CC8F15D0}.Debug|Any CPU.Build.0 = Debug|Any CPU
		{5484DC8D-A49C-4427-B7EB-0676CC8F15D0}.Debug|x64.ActiveCfg = Debug|Any CPU
		{5484DC8D-A49C-4427-B7EB-0676CC8F15D0}.Debug|x64.Build.0 = Debug|Any CPU
		{5484DC8D-A49C-4427-B7EB-0676CC8F15D0}.Debug|x86.ActiveCfg = Debug|Any CPU
		{5484DC8D-A49C-4427-B7EB-0676CC8F15D0}.Debug|x86.Build.0 = Debug|Any CPU
		{5484DC8D-A49C-4427-B7EB-0676CC8F15D0}.Release|Any CPU.ActiveCfg = Release|Any CPU
		{5484DC8D-A49C-4427-B7EB-0676CC8F15D0}.Release|Any CPU.Build.0 = Release|Any CPU
		{5484DC8D-A49C-4427-B7EB-0676CC8F15D0}.Release|x64.ActiveCfg = Release|Any CPU
		{5484DC8D-A49C-4427-B7EB-0676CC8F15D0}.Release|x64.Build.0 = Release|Any CPU
		{5484DC8D-A49C-4427-B7EB-0676CC8F15D0}.Release|x86.ActiveCfg = Release|Any CPU
		{5484DC8D-A49C-4427-B7EB-0676CC8F15D0}.Release|x86.Build.0 = Release|Any CPU
		{8533A148-8FBC-45D4-B2A9-363BF4482870}.Debug|Any CPU.ActiveCfg = Debug|Any CPU
		{8533A148-8FBC-45D4-B2A9-363BF4482870}.Debug|Any CPU.Build.0 = Debug|Any CPU
		{8533A148-8FBC-45D4-B2A9-363BF4482870}.Debug|x64.ActiveCfg = Debug|Any CPU
		{8533A148-8FBC-45D4-B2A9-363BF4482870}.Debug|x64.Build.0 = Debug|Any CPU
		{8533A148-8FBC-45D4-B2A9-363BF4482870}.Debug|x86.ActiveCfg = Debug|Any CPU
		{8533A148-8FBC-45D4-B2A9-363BF4482870}.Debug|x86.Build.0 = Debug|Any CPU
		{8533A148-8FBC-45D4-B2A9-363BF4482870}.Release|Any CPU.ActiveCfg = Release|Any CPU
		{8533A148-8FBC-45D4-B2A9-363BF4482870}.Release|Any CPU.Build.0 = Release|Any CPU
		{8533A148-8FBC-45D4-B2A9-363BF4482870}.Release|x64.ActiveCfg = Release|Any CPU
		{8533A148-8FBC-45D4-B2A9-363BF4482870}.Release|x64.Build.0 = Release|Any CPU
		{8533A148-8FBC-45D4-B2A9-363BF4482870}.Release|x86.ActiveCfg = Release|Any CPU
		{8533A148-8FBC-45D4-B2A9-363BF4482870}.Release|x86.Build.0 = Release|Any CPU
		{DE698C5B-1A0D-4572-B759-F346BEE662DD}.Debug|Any CPU.ActiveCfg = Debug|Any CPU
		{DE698C5B-1A0D-4572-B759-F346BEE662DD}.Debug|Any CPU.Build.0 = Debug|Any CPU
		{DE698C5B-1A0D-4572-B759-F346BEE662DD}.Debug|x64.ActiveCfg = Debug|Any CPU
		{DE698C5B-1A0D-4572-B759-F346BEE662DD}.Debug|x64.Build.0 = Debug|Any CPU
		{DE698C5B-1A0D-4572-B759-F346BEE662DD}.Debug|x86.ActiveCfg = Debug|Any CPU
		{DE698C5B-1A0D-4572-B759-F346BEE662DD}.Debug|x86.Build.0 = Debug|Any CPU
		{DE698C5B-1A0D-4572-B759-F346BEE662DD}.Release|Any CPU.ActiveCfg = Release|Any CPU
		{DE698C5B-1A0D-4572-B759-F346BEE662DD}.Release|Any CPU.Build.0 = Release|Any CPU
		{DE698C5B-1A0D-4572-B759-F346BEE662DD}.Release|x64.ActiveCfg = Release|Any CPU
		{DE698C5B-1A0D-4572-B759-F346BEE662DD}.Release|x64.Build.0 = Release|Any CPU
		{DE698C5B-1A0D-4572-B759-F346BEE662DD}.Release|x86.ActiveCfg = Release|Any CPU
		{DE698C5B-1A0D-4572-B759-F346BEE662DD}.Release|x86.Build.0 = Release|Any CPU
	EndGlobalSection
	GlobalSection(SolutionProperties) = preSolution
		HideSolutionNode = FALSE
	EndGlobalSection
	GlobalSection(NestedProjects) = preSolution
		{554AD327-6DBA-4F8F-96F8-81CE7A0C863F} = {CA9AC87F-097E-4F15-8393-4BC07735A5B0}
		{1A94A50E-06DC-43C1-80B5-B662820EC3EB} = {CA9AC87F-097E-4F15-8393-4BC07735A5B0}
		{C956DD76-69C8-4A9C-83EA-D17DF83340FD} = {CA9AC87F-097E-4F15-8393-4BC07735A5B0}
		{42F719ED-8413-4895-B5B4-5AB56079BC66} = {CA9AC87F-097E-4F15-8393-4BC07735A5B0}
		{520659C8-C734-4298-A3DA-B539DB9DFC0B} = {CA9AC87F-097E-4F15-8393-4BC07735A5B0}
		{4164BDF7-F527-4E85-9CE6-E3C2D7426A27} = {CA9AC87F-097E-4F15-8393-4BC07735A5B0}
		{3B5A0094-670D-4BB1-BFDD-61B88A8773DC} = {CA9AC87F-097E-4F15-8393-4BC07735A5B0}
		{70680696-BB1E-4383-BCB2-42C3767171FB} = {CA9AC87F-097E-4F15-8393-4BC07735A5B0}
		{96E5259E-59A3-4FAF-BCD1-5BF8E74EF82C} = {CA9AC87F-097E-4F15-8393-4BC07735A5B0}
		{A68818F5-9204-4DFF-A7D3-29E540F71D17} = {2D636F2C-B7F2-4EBC-BF4C-FBD6FE53A82A}
		{21AF84A5-1BD1-4954-9164-F800A125FAAB} = {A6F3C76B-E980-443C-84DC-71DA36DF8E2C}
		{6AE434E8-4627-4425-9512-6679171C0AFD} = {A6F3C76B-E980-443C-84DC-71DA36DF8E2C}
		{7E4D2CE3-7AD6-46A3-B8A5-35911E04C1E3} = {D247288C-5ADC-44EA-B730-A70FAEC79EE3}
		{E24B8222-DA6B-42BC-80D9-797FAC05C2EA} = {F7A92F71-E4A8-4A0F-AE32-A60B6869E6FD}
		{6049D5CE-E272-4D01-A28C-3CEFF7D318A6} = {02EA681E-C7D8-13C7-8484-4AC65E1B71E8}
		{0CC442CD-A4AC-14B0-3F1E-E560ADD7BF0F} = {6049D5CE-E272-4D01-A28C-3CEFF7D318A6}
		{397C3258-C72F-AC0F-386C-2641CC1CC02C} = {6049D5CE-E272-4D01-A28C-3CEFF7D318A6}
		{B530F793-3201-8B46-B934-308834BAA2F8} = {6049D5CE-E272-4D01-A28C-3CEFF7D318A6}
		{CADD05CF-433E-E924-FB39-BD57B0E52272} = {6049D5CE-E272-4D01-A28C-3CEFF7D318A6}
		{5198D6CF-58FF-9762-5B8B-461D453B97B9} = {6049D5CE-E272-4D01-A28C-3CEFF7D318A6}
		{2F858A05-0622-C3C5-B8FB-5AF0B0EF1DDB} = {6049D5CE-E272-4D01-A28C-3CEFF7D318A6}
		{262F71BF-AEB6-F9C2-CD27-B39374A7C412} = {6049D5CE-E272-4D01-A28C-3CEFF7D318A6}
		{476F5648-7AB8-4BA5-8E0C-A8F20E3569AF} = {02EA681E-C7D8-13C7-8484-4AC65E1B71E8}
		{2B43B909-4202-E15E-F28E-53C6ED2E4696} = {476F5648-7AB8-4BA5-8E0C-A8F20E3569AF}
		{8D0754C2-9CA4-EF79-D5B7-54785592F1EF} = {476F5648-7AB8-4BA5-8E0C-A8F20E3569AF}
		{53FA6665-8D85-2BFC-4A2F-DD07AE4E06FD} = {476F5648-7AB8-4BA5-8E0C-A8F20E3569AF}
		{9816CFC8-D0FE-76EC-2069-D388CB005196} = {476F5648-7AB8-4BA5-8E0C-A8F20E3569AF}
		{D852C12A-A741-A693-7513-6DD739C7E86B} = {476F5648-7AB8-4BA5-8E0C-A8F20E3569AF}
		{AE512FA1-F958-2CF6-B15E-322064CDC3EE} = {476F5648-7AB8-4BA5-8E0C-A8F20E3569AF}
		{A1302878-1EBB-CBC1-DF06-E504CCA3D4BB} = {476F5648-7AB8-4BA5-8E0C-A8F20E3569AF}
		{BC058ECD-361C-4F40-BAA7-B2CD14101B3A} = {02EA681E-C7D8-13C7-8484-4AC65E1B71E8}
		{CC903F57-EC01-068A-3387-1C639FA225BF} = {BC058ECD-361C-4F40-BAA7-B2CD14101B3A}
		{F193EA3E-B6F4-D847-4705-A2368DF768C5} = {BC058ECD-361C-4F40-BAA7-B2CD14101B3A}
		{3E09CC44-9844-0958-E80E-8C9D0855672A} = {BC058ECD-361C-4F40-BAA7-B2CD14101B3A}
		{6631FE80-69DA-3D28-224D-C558D679904F} = {BC058ECD-361C-4F40-BAA7-B2CD14101B3A}
		{DAF1125A-FFDA-BBB6-426E-49F51237C8F2} = {BC058ECD-361C-4F40-BAA7-B2CD14101B3A}
		{AE7B93E8-E673-87EC-065E-E4067648344C} = {BC058ECD-361C-4F40-BAA7-B2CD14101B3A}
		{F83A5AEC-03B9-3A5D-6B14-E18BC97D65F6} = {BC058ECD-361C-4F40-BAA7-B2CD14101B3A}
		{A6F3C76B-E980-443C-84DC-71DA36DF8E2C} = {B91A47D2-C263-5038-41EB-7F1393D47ED0}
		{2D636F2C-B7F2-4EBC-BF4C-FBD6FE53A82A} = {B91A47D2-C263-5038-41EB-7F1393D47ED0}
		{D247288C-5ADC-44EA-B730-A70FAEC79EE3} = {B91A47D2-C263-5038-41EB-7F1393D47ED0}
		{F7A92F71-E4A8-4A0F-AE32-A60B6869E6FD} = {B91A47D2-C263-5038-41EB-7F1393D47ED0}
		{511F3DE4-9A2A-4706-9E84-119D8093126F} = {B91A47D2-C263-5038-41EB-7F1393D47ED0}
		{44D18B4E-0FC1-4D26-B545-7994B3E31FD1} = {511F3DE4-9A2A-4706-9E84-119D8093126F}
		{A5B77B75-A325-4305-BEB7-396C643A0E9A} = {511F3DE4-9A2A-4706-9E84-119D8093126F}
		{FB30B6D3-F243-46BD-AE2B-41D4D1381A5C} = {511F3DE4-9A2A-4706-9E84-119D8093126F}
		{FFC94C75-3062-4252-B022-C26DB92A938A} = {B91A47D2-C263-5038-41EB-7F1393D47ED0}
		{09F50D99-84F1-4492-A3EA-E815A46DF22F} = {FFC94C75-3062-4252-B022-C26DB92A938A}
		{E8BFE651-C056-42C8-88A7-5D9616779E64} = {02EA681E-C7D8-13C7-8484-4AC65E1B71E8}
		{CFB25FA1-F8C6-A7C0-D85F-C172F7F0ED76} = {E8BFE651-C056-42C8-88A7-5D9616779E64}
		{15D76CF9-BD96-DB88-E33C-891DCA1BDC62} = {E8BFE651-C056-42C8-88A7-5D9616779E64}
		{FBEDEEB2-1EE4-4E68-7690-FB526FDBE487} = {E8BFE651-C056-42C8-88A7-5D9616779E64}
		{2C1047D6-E9EC-4F2F-3A5F-B0E73EC4EE0B} = {E8BFE651-C056-42C8-88A7-5D9616779E64}
		{5CC2ADFB-7FA0-1781-22B9-4E1BCA828523} = {E8BFE651-C056-42C8-88A7-5D9616779E64}
		{DD5488FA-E714-4C81-D56C-89618771D176} = {E8BFE651-C056-42C8-88A7-5D9616779E64}
		{640443C9-4EB1-12D2-A3B5-47B48AABDEBB} = {E8BFE651-C056-42C8-88A7-5D9616779E64}
		{6AF92135-EC6A-4A1C-82CD-24490275CF27} = {B91A47D2-C263-5038-41EB-7F1393D47ED0}
		{5484DC8D-A49C-4427-B7EB-0676CC8F15D0} = {6AF92135-EC6A-4A1C-82CD-24490275CF27}
		{8533A148-8FBC-45D4-B2A9-363BF4482870} = {6AF92135-EC6A-4A1C-82CD-24490275CF27}
		{DE698C5B-1A0D-4572-B759-F346BEE662DD} = {6AF92135-EC6A-4A1C-82CD-24490275CF27}
	EndGlobalSection
	GlobalSection(ExtensibilityGlobals) = postSolution
		SolutionGuid = {28315BFD-90E7-4E14-A2EA-F3D23AF4126F}
	EndGlobalSection
EndGlobal
